{
  "version": 4,
  "terraform_version": "1.3.6",
  "serial": 175,
  "lineage": "4dcdb46b-a3e0-7d39-3806-43710c3b2e41",
  "outputs": {},
  "resources": [
    {
      "mode": "data",
      "type": "azurerm_subscription",
      "name": "current",
      "provider": "provider[\"registry.terraform.io/hashicorp/azurerm\"]",
      "instances": [
        {
          "schema_version": 0,
          "attributes": {
            "display_name": "Azure for Students",
            "id": "/subscriptions/5f3a474b-cfbc-4d9a-a0d5-2eb4619973d2",
            "location_placement_id": "Public_2014-09-01",
            "quota_id": "AzureForStudents_2018-01-01",
            "spending_limit": "Off",
            "state": "Enabled",
            "subscription_id": "5f3a474b-cfbc-4d9a-a0d5-2eb4619973d2",
            "tags": {},
            "tenant_id": "dbd6664d-4eb9-46eb-99d8-5c43ba153c61",
            "timeouts": null
          },
          "sensitive_attributes": []
        }
      ]
    },
    {
      "module": "module.application",
      "mode": "data",
      "type": "azurerm_network_watcher",
      "name": "network_watcher",
      "provider": "provider[\"registry.terraform.io/hashicorp/azurerm\"]",
      "instances": [
        {
          "schema_version": 0,
          "attributes": {
            "id": "/subscriptions/5f3a474b-cfbc-4d9a-a0d5-2eb4619973d2/resourceGroups/NetworkWatcherRG/providers/Microsoft.Network/networkWatchers/NetworkWatcher_francecentral",
            "location": "francecentral",
            "name": "NetworkWatcher_francecentral",
            "resource_group_name": "NetworkWatcherRG",
            "tags": {},
            "timeouts": null
          },
          "sensitive_attributes": []
        }
      ]
    },
    {
      "module": "module.application",
      "mode": "managed",
      "type": "azurerm_container_group",
      "name": "container",
      "provider": "provider[\"registry.terraform.io/hashicorp/azurerm\"]",
      "instances": [
        {
          "schema_version": 0,
          "attributes": {
            "container": [
              {
                "commands": [],
                "cpu": 2,
                "cpu_limit": 0,
                "environment_variables": {
                  "PORT": "80"
                },
                "gpu": [],
                "gpu_limit": [],
                "image": "nginx",
                "liveness_probe": [],
                "memory": 4,
                "memory_limit": 0,
                "name": "nginx",
                "ports": [
                  {
                    "port": 80,
                    "protocol": "TCP"
                  }
                ],
                "readiness_probe": [
                  {
                    "exec": [],
                    "failure_threshold": 0,
                    "http_get": [
                      {
                        "http_headers": {},
                        "path": "/",
                        "port": 80,
                        "scheme": "Http"
                      }
                    ],
                    "initial_delay_seconds": 0,
                    "period_seconds": 0,
                    "success_threshold": 0,
                    "timeout_seconds": 0
                  }
                ],
                "secure_environment_variables": {
                  "DATABASE_CONNECTION_STRING": ""
                },
                "volume": []
              }
            ],
            "diagnostics": [],
            "dns_config": [],
            "dns_name_label": "",
            "dns_name_label_reuse_policy": "Unsecure",
            "exposed_port": [
              {
                "port": 80,
                "protocol": "TCP"
              }
            ],
            "fqdn": "",
            "id": "/subscriptions/5f3a474b-cfbc-4d9a-a0d5-2eb4619973d2/resourceGroups/rg-cp-w-demo/providers/Microsoft.ContainerInstance/containerGroups/cg-w-frc-demo-appl",
            "identity": [
              {
                "identity_ids": [],
                "principal_id": "b1f46763-c3b5-4f2a-90a7-e5cf1b2a7fe0",
                "tenant_id": "dbd6664d-4eb9-46eb-99d8-5c43ba153c61",
                "type": "SystemAssigned"
              }
            ],
            "image_registry_credential": [],
            "init_container": [],
            "ip_address": "10.0.0.4",
            "ip_address_type": "Private",
            "key_vault_key_id": null,
            "location": "francecentral",
            "name": "cg-w-frc-demo-appl",
            "network_profile_id": null,
            "os_type": "Linux",
            "resource_group_name": "rg-cp-w-demo",
            "restart_policy": "Always",
            "subnet_ids": [
              "/subscriptions/5f3a474b-cfbc-4d9a-a0d5-2eb4619973d2/resourceGroups/rg-cp-w-demo/providers/Microsoft.Network/virtualNetworks/vnet-appl-w-frc-demo/subnets/snet-appl-private-w-frc-demo"
            ],
            "tags": {},
            "timeouts": null,
            "zones": []
          },
          "sensitive_attributes": [],
          "private": "eyJlMmJmYjczMC1lY2FhLTExZTYtOGY4OC0zNDM2M2JjN2M0YzAiOnsiY3JlYXRlIjoxODAwMDAwMDAwMDAwLCJkZWxldGUiOjE4MDAwMDAwMDAwMDAsInJlYWQiOjMwMDAwMDAwMDAwMCwidXBkYXRlIjoxODAwMDAwMDAwMDAwfX0=",
          "dependencies": [
            "module.application.module.azure_network_subnet.azurerm_subnet.subnet",
            "module.application.module.azure_network_subnet.data.azurecaf_name.subnet",
            "module.application.module.azure_network_vnet.azurerm_virtual_network.main_vnet",
            "module.application.module.azure_network_vnet.data.azurecaf_name.vnet",
            "module.application.module.naming.random_string.first_letter",
            "module.application.module.naming.random_string.main",
            "module.rg.azurerm_resource_group.main_rg",
            "module.rg.data.azurecaf_name.rg"
          ]
        }
      ]
    },
    {
      "module": "module.application",
      "mode": "managed",
      "type": "azurerm_static_site",
      "name": "website",
      "provider": "provider[\"registry.terraform.io/hashicorp/azurerm\"]",
      "instances": [
        {
          "schema_version": 0,
          "attributes": {
            "api_key": "dc21741e8bf7dcade355faaf4ac6331900f56b7e2f078443ccdb21c996e7032e2-a3896bbb-c3bf-4947-bde2-2b3643848229003164980",
            "default_host_name": "black-bay-0f84ff703.2.azurestaticapps.net",
            "id": "/subscriptions/5f3a474b-cfbc-4d9a-a0d5-2eb4619973d2/resourceGroups/rg-cp-w-demo/providers/Microsoft.Web/staticSites/app-w-frc-demo-appl",
            "identity": [],
            "location": "westeurope",
            "name": "app-w-frc-demo-appl",
            "resource_group_name": "rg-cp-w-demo",
            "sku_size": "Free",
            "sku_tier": "Free",
            "tags": {},
            "timeouts": null
          },
          "sensitive_attributes": [],
          "private": "eyJlMmJmYjczMC1lY2FhLTExZTYtOGY4OC0zNDM2M2JjN2M0YzAiOnsiY3JlYXRlIjoxODAwMDAwMDAwMDAwLCJkZWxldGUiOjE4MDAwMDAwMDAwMDAsInJlYWQiOjMwMDAwMDAwMDAwMCwidXBkYXRlIjoxODAwMDAwMDAwMDAwfX0=",
          "dependencies": [
            "module.application.module.naming.random_string.first_letter",
            "module.application.module.naming.random_string.main",
            "module.rg.azurerm_resource_group.main_rg",
            "module.rg.data.azurecaf_name.rg"
          ]
        }
      ]
    },
    {
      "module": "module.application",
      "mode": "managed",
      "type": "random_string",
      "name": "encrypt",
      "provider": "provider[\"registry.terraform.io/hashicorp/random\"]",
      "instances": [
        {
          "schema_version": 2,
          "attributes": {
            "id": "jW]7\u003c!Jf(LHZm5xU",
            "keepers": null,
            "length": 16,
            "lower": true,
            "min_lower": 0,
            "min_numeric": 0,
            "min_special": 0,
            "min_upper": 0,
            "number": true,
            "numeric": true,
            "override_special": null,
            "result": "jW]7\u003c!Jf(LHZm5xU",
            "special": true,
            "upper": true
          },
          "sensitive_attributes": []
        }
      ]
    },
    {
      "module": "module.application.module.appgw_v2",
      "mode": "data",
      "type": "azurecaf_name",
      "name": "appgw",
      "provider": "provider[\"registry.terraform.io/aztfmod/azurecaf\"]",
      "instances": [
        {
          "schema_version": 0,
          "attributes": {
            "clean_input": true,
            "id": "agw-appl-w-frc-demo",
            "name": "appl",
            "passthrough": false,
            "prefixes": null,
            "random_length": 0,
            "random_seed": null,
            "resource_type": "azurerm_application_gateway",
            "result": "agw-appl-w-frc-demo",
            "separator": "-",
            "suffixes": [
              "w",
              "frc",
              "demo"
            ],
            "use_slug": true
          },
          "sensitive_attributes": []
        }
      ]
    },
    {
      "module": "module.application.module.appgw_v2",
      "mode": "data",
      "type": "azurecaf_name",
      "name": "frontipconfig",
      "provider": "provider[\"registry.terraform.io/aztfmod/azurecaf\"]",
      "instances": [
        {
          "schema_version": 0,
          "attributes": {
            "clean_input": true,
            "id": "frontipconfig-appl-w-frc-demo",
            "name": "appl",
            "passthrough": false,
            "prefixes": [
              "frontipconfig"
            ],
            "random_length": 0,
            "random_seed": null,
            "resource_type": "azurerm_public_ip",
            "result": "frontipconfig-appl-w-frc-demo",
            "separator": "-",
            "suffixes": [
              "w",
              "frc",
              "demo"
            ],
            "use_slug": false
          },
          "sensitive_attributes": []
        }
      ]
    },
    {
      "module": "module.application.module.appgw_v2",
      "mode": "data",
      "type": "azurecaf_name",
      "name": "frontipconfig_priv",
      "provider": "provider[\"registry.terraform.io/aztfmod/azurecaf\"]",
      "instances": [
        {
          "schema_version": 0,
          "attributes": {
            "clean_input": true,
            "id": "frontipconfig-priv-appl-w-frc-demo",
            "name": "appl",
            "passthrough": false,
            "prefixes": [
              "frontipconfig-priv"
            ],
            "random_length": 0,
            "random_seed": null,
            "resource_type": "azurerm_public_ip",
            "result": "frontipconfig-priv-appl-w-frc-demo",
            "separator": "-",
            "suffixes": [
              "w",
              "frc",
              "demo"
            ],
            "use_slug": false
          },
          "sensitive_attributes": []
        }
      ]
    },
    {
      "module": "module.application.module.appgw_v2",
      "mode": "data",
      "type": "azurecaf_name",
      "name": "gwipconfig",
      "provider": "provider[\"registry.terraform.io/aztfmod/azurecaf\"]",
      "instances": [
        {
          "schema_version": 0,
          "attributes": {
            "clean_input": true,
            "id": "gwipconfig-appl-w-frc-demo",
            "name": "appl",
            "passthrough": false,
            "prefixes": [
              "gwipconfig"
            ],
            "random_length": 0,
            "random_seed": null,
            "resource_type": "azurerm_public_ip",
            "result": "gwipconfig-appl-w-frc-demo",
            "separator": "-",
            "suffixes": [
              "w",
              "frc",
              "demo"
            ],
            "use_slug": false
          },
          "sensitive_attributes": []
        }
      ]
    },
    {
      "module": "module.application.module.appgw_v2",
      "mode": "data",
      "type": "azurecaf_name",
      "name": "nsg_appgw",
      "provider": "provider[\"registry.terraform.io/aztfmod/azurecaf\"]",
      "instances": [
        {
          "schema_version": 0,
          "attributes": {
            "clean_input": true,
            "id": "nsg-appl-w-frc-demo",
            "name": "appl",
            "passthrough": false,
            "prefixes": null,
            "random_length": 0,
            "random_seed": null,
            "resource_type": "azurerm_network_security_group",
            "result": "nsg-appl-w-frc-demo",
            "separator": "-",
            "suffixes": [
              "w",
              "frc",
              "demo"
            ],
            "use_slug": true
          },
          "sensitive_attributes": []
        }
      ]
    },
    {
      "module": "module.application.module.appgw_v2",
      "mode": "data",
      "type": "azurecaf_name",
      "name": "nsr_healthcheck",
      "provider": "provider[\"registry.terraform.io/aztfmod/azurecaf\"]",
      "instances": [
        {
          "schema_version": 0,
          "attributes": {
            "clean_input": true,
            "id": "nsgr-appl-w-frc-demo-appgw-healthcheck",
            "name": "appl",
            "passthrough": false,
            "prefixes": null,
            "random_length": 0,
            "random_seed": null,
            "resource_type": "azurerm_network_security_group_rule",
            "result": "nsgr-appl-w-frc-demo-appgw-healthcheck",
            "separator": "-",
            "suffixes": [
              "w",
              "frc",
              "demo",
              "appgw-healthcheck"
            ],
            "use_slug": true
          },
          "sensitive_attributes": []
        }
      ]
    },
    {
      "module": "module.application.module.appgw_v2",
      "mode": "data",
      "type": "azurecaf_name",
      "name": "nsr_https",
      "provider": "provider[\"registry.terraform.io/aztfmod/azurecaf\"]",
      "instances": [
        {
          "schema_version": 0,
          "attributes": {
            "clean_input": true,
            "id": "nsgr-appl-w-frc-demo-https",
            "name": "appl",
            "passthrough": false,
            "prefixes": null,
            "random_length": 0,
            "random_seed": null,
            "resource_type": "azurerm_network_security_group_rule",
            "result": "nsgr-appl-w-frc-demo-https",
            "separator": "-",
            "suffixes": [
              "w",
              "frc",
              "demo",
              "https"
            ],
            "use_slug": true
          },
          "sensitive_attributes": []
        }
      ]
    },
    {
      "module": "module.application.module.appgw_v2",
      "mode": "data",
      "type": "azurecaf_name",
      "name": "pip_appgw",
      "provider": "provider[\"registry.terraform.io/aztfmod/azurecaf\"]",
      "instances": [
        {
          "schema_version": 0,
          "attributes": {
            "clean_input": true,
            "id": "pip-appl-w-frc-demo",
            "name": "appl",
            "passthrough": false,
            "prefixes": null,
            "random_length": 0,
            "random_seed": null,
            "resource_type": "azurerm_public_ip",
            "result": "pip-appl-w-frc-demo",
            "separator": "-",
            "suffixes": [
              "w",
              "frc",
              "demo"
            ],
            "use_slug": true
          },
          "sensitive_attributes": []
        }
      ]
    },
    {
      "module": "module.application.module.appgw_v2",
      "mode": "data",
      "type": "azurecaf_name",
      "name": "subnet_appgw",
      "provider": "provider[\"registry.terraform.io/aztfmod/azurecaf\"]",
      "instances": [
        {
          "schema_version": 0,
          "attributes": {
            "clean_input": true,
            "id": "snet-appl-w-frc-demo",
            "name": "appl",
            "passthrough": false,
            "prefixes": null,
            "random_length": 0,
            "random_seed": null,
            "resource_type": "azurerm_subnet",
            "result": "snet-appl-w-frc-demo",
            "separator": "-",
            "suffixes": [
              "w",
              "frc",
              "demo"
            ],
            "use_slug": true
          },
          "sensitive_attributes": []
        }
      ]
    },
    {
      "module": "module.application.module.appgw_v2",
      "mode": "managed",
      "type": "azurerm_application_gateway",
      "name": "app_gateway",
      "provider": "provider[\"registry.terraform.io/hashicorp/azurerm\"]",
      "instances": [
        {
          "schema_version": 0,
          "attributes": {
            "authentication_certificate": [],
            "autoscale_configuration": [
              {
                "max_capacity": 2,
                "min_capacity": 1
              }
            ],
            "backend_address_pool": [
              {
                "fqdns": [
                  "10.0.0.4"
                ],
                "id": "/subscriptions/5f3a474b-cfbc-4d9a-a0d5-2eb4619973d2/resourceGroups/rg-cp-w-demo/providers/Microsoft.Network/applicationGateways/agw-appl-w-frc-demo/backendAddressPools/appl-w-frc-demo-backendpool",
                "ip_addresses": [],
                "name": "appl-w-frc-demo-backendpool"
              }
            ],
            "backend_http_settings": [
              {
                "affinity_cookie_name": "ApplicationGatewayAffinity",
                "authentication_certificate": [],
                "connection_draining": [],
                "cookie_based_affinity": "Disabled",
                "host_name": "",
                "id": "/subscriptions/5f3a474b-cfbc-4d9a-a0d5-2eb4619973d2/resourceGroups/rg-cp-w-demo/providers/Microsoft.Network/applicationGateways/agw-appl-w-frc-demo/backendHttpSettingsCollection/appl-w-frc-demo-backhttpsettings",
                "name": "appl-w-frc-demo-backhttpsettings",
                "path": "/",
                "pick_host_name_from_backend_address": true,
                "port": 80,
                "probe_id": "",
                "probe_name": "",
                "protocol": "Http",
                "request_timeout": 300,
                "trusted_root_certificate_names": []
              }
            ],
            "custom_error_configuration": [],
            "enable_http2": true,
            "fips_enabled": false,
            "firewall_policy_id": null,
            "force_firewall_policy_association": false,
            "frontend_ip_configuration": [
              {
                "id": "/subscriptions/5f3a474b-cfbc-4d9a-a0d5-2eb4619973d2/resourceGroups/rg-cp-w-demo/providers/Microsoft.Network/applicationGateways/agw-appl-w-frc-demo/frontendIPConfigurations/appl-w-frc-demo-frontipconfig",
                "name": "appl-w-frc-demo-frontipconfig",
                "private_ip_address": "",
                "private_ip_address_allocation": "Dynamic",
                "private_link_configuration_id": "",
                "private_link_configuration_name": "",
                "public_ip_address_id": "/subscriptions/5f3a474b-cfbc-4d9a-a0d5-2eb4619973d2/resourceGroups/rg-cp-w-demo/providers/Microsoft.Network/publicIPAddresses/pip-appl-w-frc-demo",
                "subnet_id": ""
              }
            ],
            "frontend_port": [
              {
                "id": "/subscriptions/5f3a474b-cfbc-4d9a-a0d5-2eb4619973d2/resourceGroups/rg-cp-w-demo/providers/Microsoft.Network/applicationGateways/agw-appl-w-frc-demo/frontendPorts/frontend-https-port",
                "name": "frontend-https-port",
                "port": 80
              }
            ],
            "gateway_ip_configuration": [
              {
                "id": "/subscriptions/5f3a474b-cfbc-4d9a-a0d5-2eb4619973d2/resourceGroups/rg-cp-w-demo/providers/Microsoft.Network/applicationGateways/agw-appl-w-frc-demo/gatewayIPConfigurations/gwipconfig-appl-w-frc-demo",
                "name": "gwipconfig-appl-w-frc-demo",
                "subnet_id": "/subscriptions/5f3a474b-cfbc-4d9a-a0d5-2eb4619973d2/resourceGroups/rg-cp-w-demo/providers/Microsoft.Network/virtualNetworks/vnet-appl-w-frc-demo/subnets/snet-appl-w-frc-demo"
              }
            ],
            "global": [],
            "http_listener": [
              {
                "custom_error_configuration": [],
                "firewall_policy_id": "",
                "frontend_ip_configuration_id": "/subscriptions/5f3a474b-cfbc-4d9a-a0d5-2eb4619973d2/resourceGroups/rg-cp-w-demo/providers/Microsoft.Network/applicationGateways/agw-appl-w-frc-demo/frontendIPConfigurations/appl-w-frc-demo-frontipconfig",
                "frontend_ip_configuration_name": "appl-w-frc-demo-frontipconfig",
                "frontend_port_id": "/subscriptions/5f3a474b-cfbc-4d9a-a0d5-2eb4619973d2/resourceGroups/rg-cp-w-demo/providers/Microsoft.Network/applicationGateways/agw-appl-w-frc-demo/frontendPorts/frontend-https-port",
                "frontend_port_name": "frontend-https-port",
                "host_name": "",
                "host_names": [],
                "id": "/subscriptions/5f3a474b-cfbc-4d9a-a0d5-2eb4619973d2/resourceGroups/rg-cp-w-demo/providers/Microsoft.Network/applicationGateways/agw-appl-w-frc-demo/httpListeners/appl-w-frc-demo-listener-https",
                "name": "appl-w-frc-demo-listener-https",
                "protocol": "Http",
                "require_sni": false,
                "ssl_certificate_id": "",
                "ssl_certificate_name": "",
                "ssl_profile_id": "",
                "ssl_profile_name": ""
              }
            ],
            "id": "/subscriptions/5f3a474b-cfbc-4d9a-a0d5-2eb4619973d2/resourceGroups/rg-cp-w-demo/providers/Microsoft.Network/applicationGateways/agw-appl-w-frc-demo",
            "identity": [],
            "location": "francecentral",
            "name": "agw-appl-w-frc-demo",
            "private_endpoint_connection": [],
            "private_link_configuration": [],
            "probe": [],
            "redirect_configuration": [],
            "request_routing_rule": [
              {
                "backend_address_pool_id": "/subscriptions/5f3a474b-cfbc-4d9a-a0d5-2eb4619973d2/resourceGroups/rg-cp-w-demo/providers/Microsoft.Network/applicationGateways/agw-appl-w-frc-demo/backendAddressPools/appl-w-frc-demo-backendpool",
                "backend_address_pool_name": "appl-w-frc-demo-backendpool",
                "backend_http_settings_id": "/subscriptions/5f3a474b-cfbc-4d9a-a0d5-2eb4619973d2/resourceGroups/rg-cp-w-demo/providers/Microsoft.Network/applicationGateways/agw-appl-w-frc-demo/backendHttpSettingsCollection/appl-w-frc-demo-backhttpsettings",
                "backend_http_settings_name": "appl-w-frc-demo-backhttpsettings",
                "http_listener_id": "/subscriptions/5f3a474b-cfbc-4d9a-a0d5-2eb4619973d2/resourceGroups/rg-cp-w-demo/providers/Microsoft.Network/applicationGateways/agw-appl-w-frc-demo/httpListeners/appl-w-frc-demo-listener-https",
                "http_listener_name": "appl-w-frc-demo-listener-https",
                "id": "/subscriptions/5f3a474b-cfbc-4d9a-a0d5-2eb4619973d2/resourceGroups/rg-cp-w-demo/providers/Microsoft.Network/applicationGateways/agw-appl-w-frc-demo/requestRoutingRules/appl-w-frc-demo-routing-https",
                "name": "appl-w-frc-demo-routing-https",
                "priority": 1,
                "redirect_configuration_id": "",
                "redirect_configuration_name": "",
                "rewrite_rule_set_id": "",
                "rewrite_rule_set_name": "",
                "rule_type": "Basic",
                "url_path_map_id": "",
                "url_path_map_name": ""
              }
            ],
            "resource_group_name": "rg-cp-w-demo",
            "rewrite_rule_set": [
              {
                "id": "/subscriptions/5f3a474b-cfbc-4d9a-a0d5-2eb4619973d2/resourceGroups/rg-cp-w-demo/providers/Microsoft.Network/applicationGateways/agw-appl-w-frc-demo/rewriteRuleSets/appl-w-frc-demo-example-rewrite-rule-set",
                "name": "appl-w-frc-demo-example-rewrite-rule-set",
                "rewrite_rule": [
                  {
                    "condition": [
                      {
                        "ignore_case": true,
                        "negate": false,
                        "pattern": "text/html(.*)",
                        "variable": "http_resp_Content-Type"
                      }
                    ],
                    "name": "appl-w-frc-demo-example-rewrite-rule-response-header",
                    "request_header_configuration": [],
                    "response_header_configuration": [
                      {
                        "header_name": "X-Frame-Options",
                        "header_value": "DENY"
                      }
                    ],
                    "rule_sequence": 100,
                    "url": []
                  },
                  {
                    "condition": [
                      {
                        "ignore_case": false,
                        "negate": false,
                        "pattern": ".*-R[0-9]{10,10}\\.html",
                        "variable": "var_uri_path"
                      },
                      {
                        "ignore_case": true,
                        "negate": false,
                        "pattern": ".*\\.fr",
                        "variable": "var_host"
                      }
                    ],
                    "name": "appl-w-frc-demo-example-rewrite-rule-url",
                    "request_header_configuration": [],
                    "response_header_configuration": [],
                    "rule_sequence": 100,
                    "url": [
                      {
                        "components": "path_only",
                        "path": "/fr{var_uri_path}",
                        "query_string": "",
                        "reroute": false
                      }
                    ]
                  }
                ]
              }
            ],
            "sku": [
              {
                "capacity": 0,
                "name": "WAF_v2",
                "tier": "WAF_v2"
              }
            ],
            "ssl_certificate": [],
            "ssl_policy": [
              {
                "cipher_suites": [],
                "disabled_protocols": [],
                "min_protocol_version": "",
                "policy_name": "AppGwSslPolicy20170401S",
                "policy_type": "Predefined"
              }
            ],
            "ssl_profile": [],
            "tags": {
              "env": "demo",
              "stack": "appl"
            },
            "timeouts": null,
            "trusted_client_certificate": [],
            "trusted_root_certificate": [],
            "url_path_map": [
              {
                "default_backend_address_pool_id": "/subscriptions/5f3a474b-cfbc-4d9a-a0d5-2eb4619973d2/resourceGroups/rg-cp-w-demo/providers/Microsoft.Network/applicationGateways/agw-appl-w-frc-demo/backendAddressPools/appl-w-frc-demo-backendpool",
                "default_backend_address_pool_name": "appl-w-frc-demo-backendpool",
                "default_backend_http_settings_id": "/subscriptions/5f3a474b-cfbc-4d9a-a0d5-2eb4619973d2/resourceGroups/rg-cp-w-demo/providers/Microsoft.Network/applicationGateways/agw-appl-w-frc-demo/backendHttpSettingsCollection/appl-w-frc-demo-backhttpsettings",
                "default_backend_http_settings_name": "appl-w-frc-demo-backhttpsettings",
                "default_redirect_configuration_id": "",
                "default_redirect_configuration_name": "",
                "default_rewrite_rule_set_id": "/subscriptions/5f3a474b-cfbc-4d9a-a0d5-2eb4619973d2/resourceGroups/rg-cp-w-demo/providers/Microsoft.Network/applicationGateways/agw-appl-w-frc-demo/rewriteRuleSets/appl-w-frc-demo-example-rewrite-rule-set",
                "default_rewrite_rule_set_name": "appl-w-frc-demo-example-rewrite-rule-set",
                "id": "/subscriptions/5f3a474b-cfbc-4d9a-a0d5-2eb4619973d2/resourceGroups/rg-cp-w-demo/providers/Microsoft.Network/applicationGateways/agw-appl-w-frc-demo/urlPathMaps/appl-w-frc-demo-example-url-path-map",
                "name": "appl-w-frc-demo-example-url-path-map",
                "path_rule": [
                  {
                    "backend_address_pool_id": "/subscriptions/5f3a474b-cfbc-4d9a-a0d5-2eb4619973d2/resourceGroups/rg-cp-w-demo/providers/Microsoft.Network/applicationGateways/agw-appl-w-frc-demo/backendAddressPools/appl-w-frc-demo-backendpool",
                    "backend_address_pool_name": "appl-w-frc-demo-backendpool",
                    "backend_http_settings_id": "/subscriptions/5f3a474b-cfbc-4d9a-a0d5-2eb4619973d2/resourceGroups/rg-cp-w-demo/providers/Microsoft.Network/applicationGateways/agw-appl-w-frc-demo/backendHttpSettingsCollection/appl-w-frc-demo-backhttpsettings",
                    "backend_http_settings_name": "appl-w-frc-demo-backhttpsettings",
                    "firewall_policy_id": "",
                    "id": "/subscriptions/5f3a474b-cfbc-4d9a-a0d5-2eb4619973d2/resourceGroups/rg-cp-w-demo/providers/Microsoft.Network/applicationGateways/agw-appl-w-frc-demo/urlPathMaps/appl-w-frc-demo-example-url-path-map/pathRules/appl-w-frc-demo-example-url-path-rule",
                    "name": "appl-w-frc-demo-example-url-path-rule",
                    "paths": [
                      "/demo/"
                    ],
                    "redirect_configuration_id": "",
                    "redirect_configuration_name": "",
                    "rewrite_rule_set_id": "/subscriptions/5f3a474b-cfbc-4d9a-a0d5-2eb4619973d2/resourceGroups/rg-cp-w-demo/providers/Microsoft.Network/applicationGateways/agw-appl-w-frc-demo/rewriteRuleSets/appl-w-frc-demo-example-rewrite-rule-set",
                    "rewrite_rule_set_name": "appl-w-frc-demo-example-rewrite-rule-set"
                  }
                ]
              }
            ],
            "waf_configuration": [
              {
                "disabled_rule_group": [],
                "enabled": true,
                "exclusion": [],
                "file_upload_limit_mb": 100,
                "firewall_mode": "Prevention",
                "max_request_body_size_kb": 128,
                "request_body_check": true,
                "rule_set_type": "OWASP",
                "rule_set_version": "3.1"
              }
            ],
            "zones": [
              "1",
              "2",
              "3"
            ]
          },
          "sensitive_attributes": [],
          "private": "eyJlMmJmYjczMC1lY2FhLTExZTYtOGY4OC0zNDM2M2JjN2M0YzAiOnsiY3JlYXRlIjo1NDAwMDAwMDAwMDAwLCJkZWxldGUiOjU0MDAwMDAwMDAwMDAsInJlYWQiOjMwMDAwMDAwMDAwMCwidXBkYXRlIjo1NDAwMDAwMDAwMDAwfX0=",
          "dependencies": [
            "module.application.azurerm_container_group.container",
            "module.application.module.appgw_v2.azurerm_public_ip.ip",
            "module.application.module.appgw_v2.data.azurecaf_name.appgw",
            "module.application.module.appgw_v2.data.azurecaf_name.frontipconfig",
            "module.application.module.appgw_v2.data.azurecaf_name.frontipconfig_priv",
            "module.application.module.appgw_v2.data.azurecaf_name.gwipconfig",
            "module.application.module.appgw_v2.module.azure_network_subnet.azurerm_subnet.subnet",
            "module.rg.azurerm_resource_group.main_rg"
          ]
        }
      ]
    },
    {
      "module": "module.application.module.appgw_v2",
      "mode": "managed",
      "type": "azurerm_public_ip",
      "name": "ip",
      "provider": "provider[\"registry.terraform.io/hashicorp/azurerm\"]",
      "instances": [
        {
          "schema_version": 0,
          "attributes": {
            "allocation_method": "Static",
            "ddos_protection_mode": "VirtualNetworkInherited",
            "ddos_protection_plan_id": null,
            "domain_name_label": "pip-appl-w-frc-demo",
            "edge_zone": "",
            "fqdn": "pip-appl-w-frc-demo.francecentral.cloudapp.azure.com",
            "id": "/subscriptions/5f3a474b-cfbc-4d9a-a0d5-2eb4619973d2/resourceGroups/rg-cp-w-demo/providers/Microsoft.Network/publicIPAddresses/pip-appl-w-frc-demo",
            "idle_timeout_in_minutes": 4,
            "ip_address": "51.138.200.116",
            "ip_tags": {},
            "ip_version": "IPv4",
            "location": "francecentral",
            "name": "pip-appl-w-frc-demo",
            "public_ip_prefix_id": null,
            "resource_group_name": "rg-cp-w-demo",
            "reverse_fqdn": "",
            "sku": "Standard",
            "sku_tier": "Regional",
            "tags": {
              "env": "demo",
              "stack": "appl"
            },
            "timeouts": null,
            "zones": [
              "1",
              "2",
              "3"
            ]
          },
          "sensitive_attributes": [],
          "private": "eyJlMmJmYjczMC1lY2FhLTExZTYtOGY4OC0zNDM2M2JjN2M0YzAiOnsiY3JlYXRlIjoxODAwMDAwMDAwMDAwLCJkZWxldGUiOjE4MDAwMDAwMDAwMDAsInJlYWQiOjMwMDAwMDAwMDAwMCwidXBkYXRlIjoxODAwMDAwMDAwMDAwfX0=",
          "dependencies": [
            "module.application.module.appgw_v2.data.azurecaf_name.pip_appgw",
            "module.rg.azurerm_resource_group.main_rg",
            "module.rg.data.azurecaf_name.rg"
          ]
        }
      ]
    },
    {
      "module": "module.application.module.appgw_v2.module.azure_network_subnet[\"appgw_subnet\"]",
      "mode": "data",
      "type": "azurecaf_name",
      "name": "subnet",
      "provider": "provider[\"registry.terraform.io/aztfmod/azurecaf\"]",
      "instances": [
        {
          "schema_version": 0,
          "attributes": {
            "clean_input": true,
            "id": "snet-appl-w-frc-demo",
            "name": "appl",
            "passthrough": false,
            "prefixes": null,
            "random_length": 0,
            "random_seed": null,
            "resource_type": "azurerm_subnet",
            "result": "snet-appl-w-frc-demo",
            "separator": "-",
            "suffixes": [
              "w",
              "frc",
              "demo"
            ],
            "use_slug": true
          },
          "sensitive_attributes": []
        }
      ]
    },
    {
      "module": "module.application.module.appgw_v2.module.azure_network_subnet[\"appgw_subnet\"]",
      "mode": "data",
      "type": "azurerm_subscription",
      "name": "current",
      "provider": "provider[\"registry.terraform.io/hashicorp/azurerm\"]",
      "instances": [
        {
          "schema_version": 0,
          "attributes": {
            "display_name": "Azure for Students",
            "id": "/subscriptions/5f3a474b-cfbc-4d9a-a0d5-2eb4619973d2",
            "location_placement_id": "Public_2014-09-01",
            "quota_id": "AzureForStudents_2018-01-01",
            "spending_limit": "Off",
            "state": "Enabled",
            "subscription_id": "5f3a474b-cfbc-4d9a-a0d5-2eb4619973d2",
            "tags": {},
            "tenant_id": "dbd6664d-4eb9-46eb-99d8-5c43ba153c61",
            "timeouts": null
          },
          "sensitive_attributes": []
        }
      ]
    },
    {
      "module": "module.application.module.appgw_v2.module.azure_network_subnet[\"appgw_subnet\"]",
      "mode": "managed",
      "type": "azurerm_subnet",
      "name": "subnet",
      "provider": "provider[\"registry.terraform.io/hashicorp/azurerm\"]",
      "instances": [
        {
          "schema_version": 0,
          "attributes": {
            "address_prefixes": [
              "10.0.1.0/24"
            ],
            "delegation": [],
            "enforce_private_link_endpoint_network_policies": false,
            "enforce_private_link_service_network_policies": false,
            "id": "/subscriptions/5f3a474b-cfbc-4d9a-a0d5-2eb4619973d2/resourceGroups/rg-cp-w-demo/providers/Microsoft.Network/virtualNetworks/vnet-appl-w-frc-demo/subnets/snet-appl-w-frc-demo",
            "name": "snet-appl-w-frc-demo",
            "private_endpoint_network_policies_enabled": true,
            "private_link_service_network_policies_enabled": true,
            "resource_group_name": "rg-cp-w-demo",
            "service_endpoint_policy_ids": [],
            "service_endpoints": [],
            "timeouts": null,
            "virtual_network_name": "vnet-appl-w-frc-demo"
          },
          "sensitive_attributes": [],
          "private": "eyJlMmJmYjczMC1lY2FhLTExZTYtOGY4OC0zNDM2M2JjN2M0YzAiOnsiY3JlYXRlIjoxODAwMDAwMDAwMDAwLCJkZWxldGUiOjE4MDAwMDAwMDAwMDAsInJlYWQiOjMwMDAwMDAwMDAwMCwidXBkYXRlIjoxODAwMDAwMDAwMDAwfX0=",
          "dependencies": [
            "module.application.module.appgw_v2.data.azurecaf_name.subnet_appgw",
            "module.application.module.appgw_v2.module.azure_network_subnet.data.azurecaf_name.subnet",
            "module.application.module.azure_network_vnet.azurerm_virtual_network.main_vnet",
            "module.application.module.azure_network_vnet.data.azurecaf_name.vnet",
            "module.rg.azurerm_resource_group.main_rg",
            "module.rg.data.azurecaf_name.rg"
          ]
        }
      ]
    },
    {
      "module": "module.application.module.appgw_v2.module.diagnostics",
      "mode": "data",
      "type": "azurecaf_name",
      "name": "diag",
      "provider": "provider[\"registry.terraform.io/aztfmod/azurecaf\"]",
      "instances": [
        {
          "schema_version": 0,
          "attributes": {
            "clean_input": true,
            "id": "amds-default",
            "name": "default",
            "passthrough": false,
            "prefixes": null,
            "random_length": 0,
            "random_seed": null,
            "resource_type": "azurerm_monitor_diagnostic_setting",
            "result": "amds-default",
            "separator": "-",
            "suffixes": null,
            "use_slug": true
          },
          "sensitive_attributes": []
        }
      ]
    },
    {
      "module": "module.application.module.azure_network_route_table",
      "mode": "data",
      "type": "azurecaf_name",
      "name": "rt",
      "provider": "provider[\"registry.terraform.io/aztfmod/azurecaf\"]",
      "instances": [
        {
          "schema_version": 0,
          "attributes": {
            "clean_input": true,
            "id": "route-appl-w-frc-demo",
            "name": "appl",
            "passthrough": false,
            "prefixes": null,
            "random_length": 0,
            "random_seed": null,
            "resource_type": "azurerm_route_table",
            "result": "route-appl-w-frc-demo",
            "separator": "-",
            "suffixes": [
              "w",
              "frc",
              "demo"
            ],
            "use_slug": true
          },
          "sensitive_attributes": []
        }
      ]
    },
    {
      "module": "module.application.module.azure_network_route_table",
      "mode": "managed",
      "type": "azurerm_route_table",
      "name": "route_table",
      "provider": "provider[\"registry.terraform.io/hashicorp/azurerm\"]",
      "instances": [
        {
          "schema_version": 0,
          "attributes": {
            "disable_bgp_route_propagation": false,
            "id": "/subscriptions/5f3a474b-cfbc-4d9a-a0d5-2eb4619973d2/resourceGroups/rg-cp-w-demo/providers/Microsoft.Network/routeTables/route-appl-w-frc-demo",
            "location": "francecentral",
            "name": "route-appl-w-frc-demo",
            "resource_group_name": "rg-cp-w-demo",
            "route": [],
            "subnets": [
              "/subscriptions/5f3a474b-cfbc-4d9a-a0d5-2eb4619973d2/resourceGroups/rg-cp-w-demo/providers/Microsoft.Network/virtualNetworks/vnet-appl-w-frc-demo/subnets/snet-appl-private-w-frc-demo"
            ],
            "tags": {
              "env": "demo",
              "stack": "appl"
            },
            "timeouts": null
          },
          "sensitive_attributes": [],
          "private": "eyJlMmJmYjczMC1lY2FhLTExZTYtOGY4OC0zNDM2M2JjN2M0YzAiOnsiY3JlYXRlIjoxODAwMDAwMDAwMDAwLCJkZWxldGUiOjE4MDAwMDAwMDAwMDAsInJlYWQiOjMwMDAwMDAwMDAwMCwidXBkYXRlIjoxODAwMDAwMDAwMDAwfX0=",
          "dependencies": [
            "module.application.module.azure_network_route_table.data.azurecaf_name.rt",
            "module.rg.azurerm_resource_group.main_rg",
            "module.rg.data.azurecaf_name.rg"
          ]
        }
      ]
    },
    {
      "module": "module.application.module.azure_network_security_group",
      "mode": "data",
      "type": "azurecaf_name",
      "name": "nsg",
      "provider": "provider[\"registry.terraform.io/aztfmod/azurecaf\"]",
      "instances": [
        {
          "schema_version": 0,
          "attributes": {
            "clean_input": true,
            "id": "nsg-appl-w-frc-demo",
            "name": "appl",
            "passthrough": false,
            "prefixes": null,
            "random_length": 0,
            "random_seed": null,
            "resource_type": "azurerm_network_security_group",
            "result": "nsg-appl-w-frc-demo",
            "separator": "-",
            "suffixes": [
              "w",
              "frc",
              "demo"
            ],
            "use_slug": true
          },
          "sensitive_attributes": []
        }
      ]
    },
    {
      "module": "module.application.module.azure_network_security_group",
      "mode": "data",
      "type": "azurecaf_name",
      "name": "nwflog",
      "provider": "provider[\"registry.terraform.io/aztfmod/azurecaf\"]",
      "instances": [
        {
          "schema_version": 0,
          "attributes": {
            "clean_input": true,
            "id": "nwflog-appl-w-frc-demo",
            "name": "appl",
            "passthrough": false,
            "prefixes": [
              "nwflog"
            ],
            "random_length": 0,
            "random_seed": null,
            "resource_type": "azurerm_resource_group",
            "result": "nwflog-appl-w-frc-demo",
            "separator": "-",
            "suffixes": [
              "w",
              "frc",
              "demo"
            ],
            "use_slug": false
          },
          "sensitive_attributes": []
        }
      ]
    },
    {
      "module": "module.application.module.azure_network_security_group",
      "mode": "managed",
      "type": "azurerm_network_security_group",
      "name": "nsg",
      "provider": "provider[\"registry.terraform.io/hashicorp/azurerm\"]",
      "instances": [
        {
          "schema_version": 0,
          "attributes": {
            "id": "/subscriptions/5f3a474b-cfbc-4d9a-a0d5-2eb4619973d2/resourceGroups/rg-cp-w-demo/providers/Microsoft.Network/networkSecurityGroups/nsg-appl-w-frc-demo",
            "location": "francecentral",
            "name": "nsg-appl-w-frc-demo",
            "resource_group_name": "rg-cp-w-demo",
            "security_rule": [
              {
                "access": "Allow",
                "description": "",
                "destination_address_prefix": "*",
                "destination_address_prefixes": [],
                "destination_application_security_group_ids": [],
                "destination_port_range": "*",
                "destination_port_ranges": [],
                "direction": "Inbound",
                "name": "AllowAnyCustomAnyInbound",
                "priority": 100,
                "protocol": "*",
                "source_address_prefix": "*",
                "source_address_prefixes": [],
                "source_application_security_group_ids": [],
                "source_port_range": "*",
                "source_port_ranges": []
              },
              {
                "access": "Deny",
                "description": "",
                "destination_address_prefix": "*",
                "destination_address_prefixes": [],
                "destination_application_security_group_ids": [],
                "destination_port_range": "*",
                "destination_port_ranges": [],
                "direction": "Inbound",
                "name": "deny-all-inbound",
                "priority": 4096,
                "protocol": "*",
                "source_address_prefix": "*",
                "source_address_prefixes": [],
                "source_application_security_group_ids": [],
                "source_port_range": "*",
                "source_port_ranges": []
              }
            ],
            "tags": {
              "env": "demo",
              "stack": "appl"
            },
            "timeouts": null
          },
          "sensitive_attributes": [],
          "private": "eyJlMmJmYjczMC1lY2FhLTExZTYtOGY4OC0zNDM2M2JjN2M0YzAiOnsiY3JlYXRlIjoxODAwMDAwMDAwMDAwLCJkZWxldGUiOjE4MDAwMDAwMDAwMDAsInJlYWQiOjMwMDAwMDAwMDAwMCwidXBkYXRlIjoxODAwMDAwMDAwMDAwfX0=",
          "dependencies": [
            "module.application.module.azure_network_security_group.data.azurecaf_name.nsg",
            "module.rg.azurerm_resource_group.main_rg",
            "module.rg.data.azurecaf_name.rg"
          ]
        }
      ]
    },
    {
      "module": "module.application.module.azure_network_security_group",
      "mode": "managed",
      "type": "azurerm_network_security_rule",
      "name": "appgw_health_probe_inbound",
      "provider": "provider[\"registry.terraform.io/hashicorp/azurerm\"]",
      "instances": [
        {
          "index_key": "enabled",
          "schema_version": 0,
          "attributes": {
            "access": "Allow",
            "description": "",
            "destination_address_prefix": "VirtualNetwork",
            "destination_address_prefixes": null,
            "destination_application_security_group_ids": null,
            "destination_port_range": "",
            "destination_port_ranges": [
              "65200-65535"
            ],
            "direction": "Inbound",
            "id": "/subscriptions/5f3a474b-cfbc-4d9a-a0d5-2eb4619973d2/resourceGroups/rg-cp-w-demo/providers/Microsoft.Network/networkSecurityGroups/nsg-appl-w-frc-demo/securityRules/appgw-health-probe-inbound",
            "name": "appgw-health-probe-inbound",
            "network_security_group_name": "nsg-appl-w-frc-demo",
            "priority": 4005,
            "protocol": "Tcp",
            "resource_group_name": "rg-cp-w-demo",
            "source_address_prefix": "GatewayManager",
            "source_address_prefixes": null,
            "source_application_security_group_ids": null,
            "source_port_range": "*",
            "source_port_ranges": null,
            "timeouts": null
          },
          "sensitive_attributes": [],
          "private": "eyJlMmJmYjczMC1lY2FhLTExZTYtOGY4OC0zNDM2M2JjN2M0YzAiOnsiY3JlYXRlIjoxODAwMDAwMDAwMDAwLCJkZWxldGUiOjE4MDAwMDAwMDAwMDAsInJlYWQiOjMwMDAwMDAwMDAwMCwidXBkYXRlIjoxODAwMDAwMDAwMDAwfX0=",
          "dependencies": [
            "module.application.module.azure_network_security_group.azurerm_network_security_group.nsg",
            "module.rg.azurerm_resource_group.main_rg"
          ]
        }
      ]
    },
    {
      "module": "module.application.module.azure_network_security_group",
      "mode": "managed",
      "type": "azurerm_network_security_rule",
      "name": "deny_all_inbound",
      "provider": "provider[\"registry.terraform.io/hashicorp/azurerm\"]",
      "instances": [
        {
          "index_key": "enabled",
          "schema_version": 0,
          "attributes": {
            "access": "Deny",
            "description": "",
            "destination_address_prefix": "*",
            "destination_address_prefixes": [],
            "destination_application_security_group_ids": [],
            "destination_port_range": "*",
            "destination_port_ranges": [],
            "direction": "Inbound",
            "id": "/subscriptions/5f3a474b-cfbc-4d9a-a0d5-2eb4619973d2/resourceGroups/rg-cp-w-demo/providers/Microsoft.Network/networkSecurityGroups/nsg-appl-w-frc-demo/securityRules/deny-all-inbound",
            "name": "deny-all-inbound",
            "network_security_group_name": "nsg-appl-w-frc-demo",
            "priority": 4096,
            "protocol": "*",
            "resource_group_name": "rg-cp-w-demo",
            "source_address_prefix": "*",
            "source_address_prefixes": [],
            "source_application_security_group_ids": [],
            "source_port_range": "*",
            "source_port_ranges": [],
            "timeouts": null
          },
          "sensitive_attributes": [],
          "private": "eyJlMmJmYjczMC1lY2FhLTExZTYtOGY4OC0zNDM2M2JjN2M0YzAiOnsiY3JlYXRlIjoxODAwMDAwMDAwMDAwLCJkZWxldGUiOjE4MDAwMDAwMDAwMDAsInJlYWQiOjMwMDAwMDAwMDAwMCwidXBkYXRlIjoxODAwMDAwMDAwMDAwfX0=",
          "dependencies": [
            "module.application.module.azure_network_security_group.azurerm_network_security_group.nsg",
            "module.application.module.azure_network_security_group.data.azurecaf_name.nsg",
            "module.rg.azurerm_resource_group.main_rg",
            "module.rg.data.azurecaf_name.rg"
          ]
        }
      ]
    },
    {
      "module": "module.application.module.azure_network_security_group",
      "mode": "managed",
      "type": "azurerm_network_security_rule",
      "name": "lb_health_probe_inbound",
      "provider": "provider[\"registry.terraform.io/hashicorp/azurerm\"]",
      "instances": [
        {
          "index_key": "enabled",
          "schema_version": 0,
          "attributes": {
            "access": "Allow",
            "description": "",
            "destination_address_prefix": "VirtualNetwork",
            "destination_address_prefixes": null,
            "destination_application_security_group_ids": null,
            "destination_port_range": "*",
            "destination_port_ranges": null,
            "direction": "Inbound",
            "id": "/subscriptions/5f3a474b-cfbc-4d9a-a0d5-2eb4619973d2/resourceGroups/rg-cp-w-demo/providers/Microsoft.Network/networkSecurityGroups/nsg-appl-w-frc-demo/securityRules/lb-health-probe-inbound",
            "name": "lb-health-probe-inbound",
            "network_security_group_name": "nsg-appl-w-frc-demo",
            "priority": 4006,
            "protocol": "Tcp",
            "resource_group_name": "rg-cp-w-demo",
            "source_address_prefix": "AzureLoadBalancer",
            "source_address_prefixes": null,
            "source_application_security_group_ids": null,
            "source_port_range": "*",
            "source_port_ranges": null,
            "timeouts": null
          },
          "sensitive_attributes": [],
          "private": "eyJlMmJmYjczMC1lY2FhLTExZTYtOGY4OC0zNDM2M2JjN2M0YzAiOnsiY3JlYXRlIjoxODAwMDAwMDAwMDAwLCJkZWxldGUiOjE4MDAwMDAwMDAwMDAsInJlYWQiOjMwMDAwMDAwMDAwMCwidXBkYXRlIjoxODAwMDAwMDAwMDAwfX0=",
          "dependencies": [
            "module.application.module.azure_network_security_group.azurerm_network_security_group.nsg",
            "module.rg.azurerm_resource_group.main_rg"
          ]
        }
      ]
    },
    {
      "module": "module.application.module.azure_network_subnet",
      "mode": "data",
      "type": "azurecaf_name",
      "name": "subnet",
      "provider": "provider[\"registry.terraform.io/aztfmod/azurecaf\"]",
      "instances": [
        {
          "schema_version": 0,
          "attributes": {
            "clean_input": true,
            "id": "snet-appl-private-w-frc-demo",
            "name": "appl-private",
            "passthrough": false,
            "prefixes": null,
            "random_length": 0,
            "random_seed": null,
            "resource_type": "azurerm_subnet",
            "result": "snet-appl-private-w-frc-demo",
            "separator": "-",
            "suffixes": [
              "w",
              "frc",
              "demo"
            ],
            "use_slug": true
          },
          "sensitive_attributes": []
        }
      ]
    },
    {
      "module": "module.application.module.azure_network_subnet",
      "mode": "data",
      "type": "azurerm_subscription",
      "name": "current",
      "provider": "provider[\"registry.terraform.io/hashicorp/azurerm\"]",
      "instances": [
        {
          "schema_version": 0,
          "attributes": {
            "display_name": "Azure for Students",
            "id": "/subscriptions/5f3a474b-cfbc-4d9a-a0d5-2eb4619973d2",
            "location_placement_id": "Public_2014-09-01",
            "quota_id": "AzureForStudents_2018-01-01",
            "spending_limit": "Off",
            "state": "Enabled",
            "subscription_id": "5f3a474b-cfbc-4d9a-a0d5-2eb4619973d2",
            "tags": {},
            "tenant_id": "dbd6664d-4eb9-46eb-99d8-5c43ba153c61",
            "timeouts": null
          },
          "sensitive_attributes": []
        }
      ]
    },
    {
      "module": "module.application.module.azure_network_subnet",
      "mode": "managed",
      "type": "azurerm_subnet",
      "name": "subnet",
      "provider": "provider[\"registry.terraform.io/hashicorp/azurerm\"]",
      "instances": [
        {
          "schema_version": 0,
          "attributes": {
            "address_prefixes": [
              "10.0.0.0/24"
            ],
            "delegation": [
              {
                "name": "app-service-plan",
                "service_delegation": [
                  {
                    "actions": [
                      "Microsoft.Network/virtualNetworks/subnets/action"
                    ],
                    "name": "Microsoft.ContainerInstance/containerGroups"
                  }
                ]
              }
            ],
            "enforce_private_link_endpoint_network_policies": false,
            "enforce_private_link_service_network_policies": false,
            "id": "/subscriptions/5f3a474b-cfbc-4d9a-a0d5-2eb4619973d2/resourceGroups/rg-cp-w-demo/providers/Microsoft.Network/virtualNetworks/vnet-appl-w-frc-demo/subnets/snet-appl-private-w-frc-demo",
            "name": "snet-appl-private-w-frc-demo",
            "private_endpoint_network_policies_enabled": true,
            "private_link_service_network_policies_enabled": true,
            "resource_group_name": "rg-cp-w-demo",
            "service_endpoint_policy_ids": [],
            "service_endpoints": [],
            "timeouts": null,
            "virtual_network_name": "vnet-appl-w-frc-demo"
          },
          "sensitive_attributes": [],
          "private": "eyJlMmJmYjczMC1lY2FhLTExZTYtOGY4OC0zNDM2M2JjN2M0YzAiOnsiY3JlYXRlIjoxODAwMDAwMDAwMDAwLCJkZWxldGUiOjE4MDAwMDAwMDAwMDAsInJlYWQiOjMwMDAwMDAwMDAwMCwidXBkYXRlIjoxODAwMDAwMDAwMDAwfX0=",
          "dependencies": [
            "module.application.module.azure_network_subnet.data.azurecaf_name.subnet",
            "module.application.module.azure_network_vnet.azurerm_virtual_network.main_vnet",
            "module.application.module.azure_network_vnet.data.azurecaf_name.vnet",
            "module.rg.azurerm_resource_group.main_rg",
            "module.rg.data.azurecaf_name.rg"
          ]
        }
      ]
    },
    {
      "module": "module.application.module.azure_network_subnet",
      "mode": "managed",
      "type": "azurerm_subnet_network_security_group_association",
      "name": "subnet_association",
      "provider": "provider[\"registry.terraform.io/hashicorp/azurerm\"]",
      "instances": [
        {
          "index_key": 0,
          "schema_version": 0,
          "attributes": {
            "id": "/subscriptions/5f3a474b-cfbc-4d9a-a0d5-2eb4619973d2/resourceGroups/rg-cp-w-demo/providers/Microsoft.Network/virtualNetworks/vnet-appl-w-frc-demo/subnets/snet-appl-private-w-frc-demo",
            "network_security_group_id": "/subscriptions/5f3a474b-cfbc-4d9a-a0d5-2eb4619973d2/resourceGroups/rg-cp-w-demo/providers/Microsoft.Network/networkSecurityGroups/nsg-appl-w-frc-demo",
            "subnet_id": "/subscriptions/5f3a474b-cfbc-4d9a-a0d5-2eb4619973d2/resourceGroups/rg-cp-w-demo/providers/Microsoft.Network/virtualNetworks/vnet-appl-w-frc-demo/subnets/snet-appl-private-w-frc-demo",
            "timeouts": null
          },
          "sensitive_attributes": [],
          "private": "eyJlMmJmYjczMC1lY2FhLTExZTYtOGY4OC0zNDM2M2JjN2M0YzAiOnsiY3JlYXRlIjoxODAwMDAwMDAwMDAwLCJkZWxldGUiOjE4MDAwMDAwMDAwMDAsInJlYWQiOjMwMDAwMDAwMDAwMCwidXBkYXRlIjoxODAwMDAwMDAwMDAwfX0=",
          "dependencies": [
            "module.application.module.azure_network_security_group.azurerm_network_security_group.nsg",
            "module.application.module.azure_network_security_group.data.azurecaf_name.nsg",
            "module.application.module.azure_network_subnet.azurerm_subnet.subnet",
            "module.application.module.azure_network_subnet.data.azurecaf_name.subnet",
            "module.application.module.azure_network_subnet.data.azurerm_subscription.current",
            "module.application.module.azure_network_vnet.azurerm_virtual_network.main_vnet",
            "module.application.module.azure_network_vnet.data.azurecaf_name.vnet",
            "module.rg.azurerm_resource_group.main_rg",
            "module.rg.data.azurecaf_name.rg"
          ]
        }
      ]
    },
    {
      "module": "module.application.module.azure_network_subnet",
      "mode": "managed",
      "type": "azurerm_subnet_route_table_association",
      "name": "route_table_association",
      "provider": "provider[\"registry.terraform.io/hashicorp/azurerm\"]",
      "instances": [
        {
          "index_key": 0,
          "schema_version": 0,
          "attributes": {
            "id": "/subscriptions/5f3a474b-cfbc-4d9a-a0d5-2eb4619973d2/resourceGroups/rg-cp-w-demo/providers/Microsoft.Network/virtualNetworks/vnet-appl-w-frc-demo/subnets/snet-appl-private-w-frc-demo",
            "route_table_id": "/subscriptions/5f3a474b-cfbc-4d9a-a0d5-2eb4619973d2/resourceGroups/rg-cp-w-demo/providers/Microsoft.Network/routeTables/route-appl-w-frc-demo",
            "subnet_id": "/subscriptions/5f3a474b-cfbc-4d9a-a0d5-2eb4619973d2/resourceGroups/rg-cp-w-demo/providers/Microsoft.Network/virtualNetworks/vnet-appl-w-frc-demo/subnets/snet-appl-private-w-frc-demo",
            "timeouts": null
          },
          "sensitive_attributes": [],
          "private": "eyJlMmJmYjczMC1lY2FhLTExZTYtOGY4OC0zNDM2M2JjN2M0YzAiOnsiY3JlYXRlIjoxODAwMDAwMDAwMDAwLCJkZWxldGUiOjE4MDAwMDAwMDAwMDAsInJlYWQiOjMwMDAwMDAwMDAwMCwidXBkYXRlIjoxODAwMDAwMDAwMDAwfX0=",
          "dependencies": [
            "module.application.module.azure_network_route_table.azurerm_route_table.route_table",
            "module.application.module.azure_network_route_table.data.azurecaf_name.rt",
            "module.application.module.azure_network_subnet.azurerm_subnet.subnet",
            "module.application.module.azure_network_subnet.data.azurecaf_name.subnet",
            "module.application.module.azure_network_subnet.data.azurerm_subscription.current",
            "module.application.module.azure_network_vnet.azurerm_virtual_network.main_vnet",
            "module.application.module.azure_network_vnet.data.azurecaf_name.vnet",
            "module.rg.azurerm_resource_group.main_rg",
            "module.rg.data.azurecaf_name.rg"
          ]
        }
      ]
    },
    {
      "module": "module.application.module.azure_network_vnet",
      "mode": "data",
      "type": "azurecaf_name",
      "name": "vnet",
      "provider": "provider[\"registry.terraform.io/aztfmod/azurecaf\"]",
      "instances": [
        {
          "schema_version": 0,
          "attributes": {
            "clean_input": true,
            "id": "vnet-appl-w-frc-demo",
            "name": "appl",
            "passthrough": false,
            "prefixes": null,
            "random_length": 0,
            "random_seed": null,
            "resource_type": "azurerm_virtual_network",
            "result": "vnet-appl-w-frc-demo",
            "separator": "-",
            "suffixes": [
              "w",
              "frc",
              "demo"
            ],
            "use_slug": true
          },
          "sensitive_attributes": []
        }
      ]
    },
    {
      "module": "module.application.module.azure_network_vnet",
      "mode": "managed",
      "type": "azurerm_virtual_network",
      "name": "main_vnet",
      "provider": "provider[\"registry.terraform.io/hashicorp/azurerm\"]",
      "instances": [
        {
          "schema_version": 0,
          "attributes": {
            "address_space": [
              "10.0.0.0/16"
            ],
            "bgp_community": "",
            "ddos_protection_plan": [],
            "dns_servers": [],
            "edge_zone": "",
            "flow_timeout_in_minutes": 0,
            "guid": "fe58d31a-c17c-4c4b-b063-023f4c4fdcf9",
            "id": "/subscriptions/5f3a474b-cfbc-4d9a-a0d5-2eb4619973d2/resourceGroups/rg-cp-w-demo/providers/Microsoft.Network/virtualNetworks/vnet-appl-w-frc-demo",
            "location": "francecentral",
            "name": "vnet-appl-w-frc-demo",
            "resource_group_name": "rg-cp-w-demo",
            "subnet": [
              {
                "address_prefix": "10.0.0.0/24",
                "id": "/subscriptions/5f3a474b-cfbc-4d9a-a0d5-2eb4619973d2/resourceGroups/rg-cp-w-demo/providers/Microsoft.Network/virtualNetworks/vnet-appl-w-frc-demo/subnets/snet-appl-private-w-frc-demo",
                "name": "snet-appl-private-w-frc-demo",
                "security_group": "/subscriptions/5f3a474b-cfbc-4d9a-a0d5-2eb4619973d2/resourceGroups/rg-cp-w-demo/providers/Microsoft.Network/networkSecurityGroups/nsg-appl-w-frc-demo"
              },
              {
                "address_prefix": "10.0.1.0/24",
                "id": "/subscriptions/5f3a474b-cfbc-4d9a-a0d5-2eb4619973d2/resourceGroups/rg-cp-w-demo/providers/Microsoft.Network/virtualNetworks/vnet-appl-w-frc-demo/subnets/snet-appl-w-frc-demo",
                "name": "snet-appl-w-frc-demo",
                "security_group": ""
              }
            ],
            "tags": {
              "env": "demo",
              "stack": "appl"
            },
            "timeouts": null
          },
          "sensitive_attributes": [],
          "private": "eyJlMmJmYjczMC1lY2FhLTExZTYtOGY4OC0zNDM2M2JjN2M0YzAiOnsiY3JlYXRlIjoxODAwMDAwMDAwMDAwLCJkZWxldGUiOjE4MDAwMDAwMDAwMDAsInJlYWQiOjMwMDAwMDAwMDAwMCwidXBkYXRlIjoxODAwMDAwMDAwMDAwfX0=",
          "dependencies": [
            "module.application.module.azure_network_vnet.data.azurecaf_name.vnet",
            "module.rg.azurerm_resource_group.main_rg",
            "module.rg.data.azurecaf_name.rg"
          ]
        }
      ]
    },
    {
      "module": "module.application.module.logs",
      "mode": "data",
      "type": "azurecaf_name",
      "name": "log_analytics_workspace",
      "provider": "provider[\"registry.terraform.io/aztfmod/azurecaf\"]",
      "instances": [
        {
          "schema_version": 0,
          "attributes": {
            "clean_input": true,
            "id": "log-appl-w-frc-demo",
            "name": "appl",
            "passthrough": false,
            "prefixes": null,
            "random_length": 0,
            "random_seed": null,
            "resource_type": "azurerm_log_analytics_workspace",
            "result": "log-appl-w-frc-demo",
            "separator": "-",
            "suffixes": [
              "w",
              "frc",
              "demo"
            ],
            "use_slug": true
          },
          "sensitive_attributes": []
        }
      ]
    },
    {
      "module": "module.application.module.logs",
      "mode": "data",
      "type": "azurecaf_name",
      "name": "storage_account",
      "provider": "provider[\"registry.terraform.io/aztfmod/azurecaf\"]",
      "instances": [
        {
          "schema_version": 0,
          "attributes": {
            "clean_input": true,
            "id": "stapplfrcdemolog",
            "name": "appl",
            "passthrough": false,
            "prefixes": null,
            "random_length": 0,
            "random_seed": null,
            "resource_type": "azurerm_storage_account",
            "result": "stapplfrcdemolog",
            "separator": "-",
            "suffixes": [
              "frc",
              "demo",
              "log"
            ],
            "use_slug": true
          },
          "sensitive_attributes": []
        }
      ]
    },
    {
      "module": "module.application.module.logs",
      "mode": "data",
      "type": "azurerm_subscription",
      "name": "current",
      "provider": "provider[\"registry.terraform.io/hashicorp/azurerm\"]",
      "instances": [
        {
          "schema_version": 0,
          "attributes": {
            "display_name": "Azure for Students",
            "id": "/subscriptions/5f3a474b-cfbc-4d9a-a0d5-2eb4619973d2",
            "location_placement_id": "Public_2014-09-01",
            "quota_id": "AzureForStudents_2018-01-01",
            "spending_limit": "Off",
            "state": "Enabled",
            "subscription_id": "5f3a474b-cfbc-4d9a-a0d5-2eb4619973d2",
            "tags": {},
            "tenant_id": "dbd6664d-4eb9-46eb-99d8-5c43ba153c61",
            "timeouts": null
          },
          "sensitive_attributes": []
        }
      ]
    },
    {
      "module": "module.application.module.logs",
      "mode": "managed",
      "type": "azurerm_log_analytics_workspace",
      "name": "log_workspace",
      "provider": "provider[\"registry.terraform.io/hashicorp/azurerm\"]",
      "instances": [
        {
          "schema_version": 2,
          "attributes": {
            "cmk_for_query_forced": false,
            "daily_quota_gb": -1,
            "id": "/subscriptions/5f3a474b-cfbc-4d9a-a0d5-2eb4619973d2/resourceGroups/rg-cp-w-demo/providers/Microsoft.OperationalInsights/workspaces/log-appl-w-frc-demo",
            "internet_ingestion_enabled": true,
            "internet_query_enabled": true,
            "location": "francecentral",
            "name": "log-appl-w-frc-demo",
            "primary_shared_key": "rRqG6I0jd+CfUOqyKLynaBCFwM3GbXOX2oARgQvxA1NEEq7tF7YBkTBjVikcTlIGTJFz6mnjctAhjI8ZVVizHw==",
            "reservation_capacity_in_gb_per_day": null,
            "resource_group_name": "rg-cp-w-demo",
            "retention_in_days": 30,
            "secondary_shared_key": "NrwDno55FghAX64YtR+6hFVQinkkMRrwFpCBo55LGymjlyzrp3soZhuAExNd00+S0cik4ZjS8IhN/JaIfknguw==",
            "sku": "PerGB2018",
            "tags": {
              "env": "demo",
              "stack": "appl"
            },
            "timeouts": null,
            "workspace_id": "64689d21-316a-4893-9ad9-0f13986e4eeb"
          },
          "sensitive_attributes": [],
          "private": "eyJlMmJmYjczMC1lY2FhLTExZTYtOGY4OC0zNDM2M2JjN2M0YzAiOnsiY3JlYXRlIjoxODAwMDAwMDAwMDAwLCJkZWxldGUiOjE4MDAwMDAwMDAwMDAsInJlYWQiOjMwMDAwMDAwMDAwMCwidXBkYXRlIjoxODAwMDAwMDAwMDAwfSwic2NoZW1hX3ZlcnNpb24iOiIyIn0=",
          "dependencies": [
            "module.application.module.logs.data.azurecaf_name.log_analytics_workspace",
            "module.rg.azurerm_resource_group.main_rg",
            "module.rg.data.azurecaf_name.rg"
          ]
        }
      ]
    },
    {
      "module": "module.application.module.logs",
      "mode": "managed",
      "type": "azurerm_storage_management_policy",
      "name": "archive_storage",
      "provider": "provider[\"registry.terraform.io/hashicorp/azurerm\"]",
      "instances": [
        {
          "index_key": 0,
          "schema_version": 0,
          "attributes": {
            "id": "/subscriptions/5f3a474b-cfbc-4d9a-a0d5-2eb4619973d2/resourceGroups/rg-cp-w-demo/providers/Microsoft.Storage/storageAccounts/stapplfrcdemolog/managementPolicies/default",
            "rule": [
              {
                "actions": [
                  {
                    "base_blob": [
                      {
                        "delete_after_days_since_creation_greater_than": -1,
                        "delete_after_days_since_last_access_time_greater_than": -1,
                        "delete_after_days_since_modification_greater_than": 365,
                        "tier_to_archive_after_days_since_creation_greater_than": -1,
                        "tier_to_archive_after_days_since_last_access_time_greater_than": -1,
                        "tier_to_archive_after_days_since_last_tier_change_greater_than": -1,
                        "tier_to_archive_after_days_since_modification_greater_than": 90,
                        "tier_to_cool_after_days_since_creation_greater_than": -1,
                        "tier_to_cool_after_days_since_last_access_time_greater_than": -1,
                        "tier_to_cool_after_days_since_modification_greater_than": 30
                      }
                    ],
                    "snapshot": [],
                    "version": []
                  }
                ],
                "enabled": true,
                "filters": [
                  {
                    "blob_types": [
                      "blockBlob"
                    ],
                    "match_blob_index_tag": [],
                    "prefix_match": []
                  }
                ],
                "name": "Archive"
              }
            ],
            "storage_account_id": "/subscriptions/5f3a474b-cfbc-4d9a-a0d5-2eb4619973d2/resourceGroups/rg-cp-w-demo/providers/Microsoft.Storage/storageAccounts/stapplfrcdemolog",
            "timeouts": null
          },
          "sensitive_attributes": [],
          "private": "eyJlMmJmYjczMC1lY2FhLTExZTYtOGY4OC0zNDM2M2JjN2M0YzAiOnsiY3JlYXRlIjoxODAwMDAwMDAwMDAwLCJkZWxldGUiOjE4MDAwMDAwMDAwMDAsInJlYWQiOjMwMDAwMDAwMDAwMCwidXBkYXRlIjoxODAwMDAwMDAwMDAwfX0=",
          "dependencies": [
            "module.application.module.logs.data.azurecaf_name.storage_account",
            "module.application.module.logs.module.storage_logs.azurerm_storage_account.storage",
            "module.application.module.logs.module.storage_logs.data.azurecaf_name.sa",
            "module.rg.azurerm_resource_group.main_rg",
            "module.rg.data.azurecaf_name.rg"
          ]
        }
      ]
    },
    {
      "module": "module.application.module.logs",
      "mode": "managed",
      "type": "null_resource",
      "name": "log_workspace_config",
      "provider": "provider[\"registry.terraform.io/hashicorp/null\"]",
      "instances": [
        {
          "schema_version": 0,
          "attributes": {
            "id": "8844063975664485368",
            "triggers": {
              "iislogs": "false",
              "workspace": "log-appl-w-frc-demo"
            }
          },
          "sensitive_attributes": [],
          "dependencies": [
            "module.application.module.logs.azurerm_log_analytics_workspace.log_workspace",
            "module.application.module.logs.data.azurecaf_name.log_analytics_workspace",
            "module.application.module.logs.data.azurerm_subscription.current",
            "module.rg.azurerm_resource_group.main_rg",
            "module.rg.data.azurecaf_name.rg"
          ]
        }
      ]
    },
    {
      "module": "module.application.module.logs.module.log_sas_token",
      "mode": "data",
      "type": "external",
      "name": "generate_storage_sas_token",
      "provider": "provider[\"registry.terraform.io/hashicorp/external\"]",
      "instances": [
        {
          "schema_version": 0,
          "attributes": {
            "id": "-",
            "program": [
              "bash",
              ".terraform/modules/application.logs.log_sas_token/files/script_sas_token.sh"
            ],
            "query": {
              "permissions_account": "wlacu",
              "permissions_container": "dlrw",
              "resources_types": "co",
              "services": "bt",
              "storage_account_name": "stapplfrcdemolog;AccountKey",
              "storage_connection_string": "DefaultEndpointsProtocol=https;AccountName=stapplfrcdemolog;AccountKey=kl0hT8jeGQsrhMkKO89Fyrjyk7GrThl/p0EOgAaM1+/tEaZ3j1RS506HZ4CwN+ZEl/83FWOkvNUA+AStNLUaRw==;EndpointSuffix=core.windows.net",
              "storage_container": "",
              "token_expiry": "2042-01-01T00:00:00Z"
            },
            "result": {
              "sastoken": "?se=2042-01-01T00%3A00%3A00Z\u0026sp=wlacu\u0026sv=2021-06-08\u0026ss=tb\u0026srt=co\u0026sig=nU5/HjmshRMmQugB2kuya7HxCh0eK/Bo80afUfqPbyc%3D"
            },
            "working_dir": null
          },
          "sensitive_attributes": [
            [
              {
                "type": "get_attr",
                "value": "query"
              },
              {
                "type": "index",
                "value": {
                  "value": "storage_account_name",
                  "type": "string"
                }
              }
            ],
            [
              {
                "type": "get_attr",
                "value": "query"
              },
              {
                "type": "index",
                "value": {
                  "value": "storage_connection_string",
                  "type": "string"
                }
              }
            ]
          ]
        }
      ]
    },
    {
      "module": "module.application.module.logs.module.storage_logs",
      "mode": "data",
      "type": "azurecaf_name",
      "name": "sa",
      "provider": "provider[\"registry.terraform.io/aztfmod/azurecaf\"]",
      "instances": [
        {
          "schema_version": 0,
          "attributes": {
            "clean_input": true,
            "id": "stapplwfrcdemo",
            "name": "appl",
            "passthrough": false,
            "prefixes": null,
            "random_length": 0,
            "random_seed": null,
            "resource_type": "azurerm_storage_account",
            "result": "stapplwfrcdemo",
            "separator": "-",
            "suffixes": [
              "w",
              "frc",
              "demo"
            ],
            "use_slug": true
          },
          "sensitive_attributes": []
        }
      ]
    },
    {
      "module": "module.application.module.logs.module.storage_logs",
      "mode": "managed",
      "type": "azurerm_advanced_threat_protection",
      "name": "threat_protection",
      "provider": "provider[\"registry.terraform.io/hashicorp/azurerm\"]",
      "instances": [
        {
          "schema_version": 1,
          "attributes": {
            "enabled": false,
            "id": "/subscriptions/5f3a474b-cfbc-4d9a-a0d5-2eb4619973d2/resourceGroups/rg-cp-w-demo/providers/Microsoft.Storage/storageAccounts/stapplfrcdemolog/providers/Microsoft.Security/advancedThreatProtectionSettings/current",
            "target_resource_id": "/subscriptions/5f3a474b-cfbc-4d9a-a0d5-2eb4619973d2/resourceGroups/rg-cp-w-demo/providers/Microsoft.Storage/storageAccounts/stapplfrcdemolog",
            "timeouts": null
          },
          "sensitive_attributes": [],
          "private": "eyJlMmJmYjczMC1lY2FhLTExZTYtOGY4OC0zNDM2M2JjN2M0YzAiOnsiY3JlYXRlIjoxODAwMDAwMDAwMDAwLCJkZWxldGUiOjE4MDAwMDAwMDAwMDAsInJlYWQiOjMwMDAwMDAwMDAwMCwidXBkYXRlIjoxODAwMDAwMDAwMDAwfSwic2NoZW1hX3ZlcnNpb24iOiIxIn0=",
          "dependencies": [
            "module.application.module.logs.data.azurecaf_name.storage_account",
            "module.application.module.logs.module.storage_logs.azurerm_storage_account.storage",
            "module.application.module.logs.module.storage_logs.data.azurecaf_name.sa",
            "module.rg.azurerm_resource_group.main_rg",
            "module.rg.data.azurecaf_name.rg"
          ]
        }
      ]
    },
    {
      "module": "module.application.module.logs.module.storage_logs",
      "mode": "managed",
      "type": "azurerm_storage_account",
      "name": "storage",
      "provider": "provider[\"registry.terraform.io/hashicorp/azurerm\"]",
      "instances": [
        {
          "schema_version": 3,
          "attributes": {
            "access_tier": "Hot",
            "account_kind": "StorageV2",
            "account_replication_type": "LRS",
            "account_tier": "Standard",
            "allow_nested_items_to_be_public": false,
            "azure_files_authentication": [],
            "blob_properties": [
              {
                "change_feed_enabled": false,
                "change_feed_retention_in_days": 0,
                "container_delete_retention_policy": [],
                "cors_rule": [],
                "default_service_version": "",
                "delete_retention_policy": [],
                "last_access_time_enabled": false,
                "versioning_enabled": false
              }
            ],
            "cross_tenant_replication_enabled": true,
            "custom_domain": [],
            "customer_managed_key": [],
            "default_to_oauth_authentication": false,
            "edge_zone": "",
            "enable_https_traffic_only": true,
            "id": "/subscriptions/5f3a474b-cfbc-4d9a-a0d5-2eb4619973d2/resourceGroups/rg-cp-w-demo/providers/Microsoft.Storage/storageAccounts/stapplfrcdemolog",
            "identity": [
              {
                "identity_ids": [],
                "principal_id": "53233f95-f960-4879-94bc-eb8a8dec036d",
                "tenant_id": "dbd6664d-4eb9-46eb-99d8-5c43ba153c61",
                "type": "SystemAssigned"
              }
            ],
            "immutability_policy": [],
            "infrastructure_encryption_enabled": false,
            "is_hns_enabled": false,
            "large_file_share_enabled": true,
            "location": "francecentral",
            "min_tls_version": "TLS1_2",
            "name": "stapplfrcdemolog",
            "network_rules": [
              {
                "bypass": [
                  "None"
                ],
                "default_action": "Allow",
                "ip_rules": [],
                "private_link_access": [],
                "virtual_network_subnet_ids": []
              }
            ],
            "nfsv3_enabled": false,
            "primary_access_key": "kl0hT8jeGQsrhMkKO89Fyrjyk7GrThl/p0EOgAaM1+/tEaZ3j1RS506HZ4CwN+ZEl/83FWOkvNUA+AStNLUaRw==",
            "primary_blob_connection_string": "DefaultEndpointsProtocol=https;BlobEndpoint=https://stapplfrcdemolog.blob.core.windows.net/;AccountName=stapplfrcdemolog;AccountKey=kl0hT8jeGQsrhMkKO89Fyrjyk7GrThl/p0EOgAaM1+/tEaZ3j1RS506HZ4CwN+ZEl/83FWOkvNUA+AStNLUaRw==",
            "primary_blob_endpoint": "https://stapplfrcdemolog.blob.core.windows.net/",
            "primary_blob_host": "stapplfrcdemolog.blob.core.windows.net",
            "primary_connection_string": "DefaultEndpointsProtocol=https;AccountName=stapplfrcdemolog;AccountKey=kl0hT8jeGQsrhMkKO89Fyrjyk7GrThl/p0EOgAaM1+/tEaZ3j1RS506HZ4CwN+ZEl/83FWOkvNUA+AStNLUaRw==;EndpointSuffix=core.windows.net",
            "primary_dfs_endpoint": "https://stapplfrcdemolog.dfs.core.windows.net/",
            "primary_dfs_host": "stapplfrcdemolog.dfs.core.windows.net",
            "primary_file_endpoint": "https://stapplfrcdemolog.file.core.windows.net/",
            "primary_file_host": "stapplfrcdemolog.file.core.windows.net",
            "primary_location": "francecentral",
            "primary_queue_endpoint": "https://stapplfrcdemolog.queue.core.windows.net/",
            "primary_queue_host": "stapplfrcdemolog.queue.core.windows.net",
            "primary_table_endpoint": "https://stapplfrcdemolog.table.core.windows.net/",
            "primary_table_host": "stapplfrcdemolog.table.core.windows.net",
            "primary_web_endpoint": "https://stapplfrcdemolog.z28.web.core.windows.net/",
            "primary_web_host": "stapplfrcdemolog.z28.web.core.windows.net",
            "public_network_access_enabled": true,
            "queue_encryption_key_type": "Service",
            "queue_properties": [
              {
                "cors_rule": [],
                "hour_metrics": [
                  {
                    "enabled": false,
                    "include_apis": false,
                    "retention_policy_days": 0,
                    "version": "1.0"
                  }
                ],
                "logging": [
                  {
                    "delete": true,
                    "read": true,
                    "retention_policy_days": 10,
                    "version": "1.0",
                    "write": true
                  }
                ],
                "minute_metrics": [
                  {
                    "enabled": false,
                    "include_apis": false,
                    "retention_policy_days": 0,
                    "version": "1.0"
                  }
                ]
              }
            ],
            "resource_group_name": "rg-cp-w-demo",
            "routing": [],
            "sas_policy": [],
            "secondary_access_key": "+oHugA7oCISOJW0yrEvrn+McXOqoZ0Mzba5rdydGraaIhsLsD4PCLx2jq+JCUjlFIvZJvlc8RGLD+AStROvd3Q==",
            "secondary_blob_connection_string": "",
            "secondary_blob_endpoint": null,
            "secondary_blob_host": null,
            "secondary_connection_string": "DefaultEndpointsProtocol=https;AccountName=stapplfrcdemolog;AccountKey=+oHugA7oCISOJW0yrEvrn+McXOqoZ0Mzba5rdydGraaIhsLsD4PCLx2jq+JCUjlFIvZJvlc8RGLD+AStROvd3Q==;EndpointSuffix=core.windows.net",
            "secondary_dfs_endpoint": null,
            "secondary_dfs_host": null,
            "secondary_file_endpoint": null,
            "secondary_file_host": null,
            "secondary_location": "",
            "secondary_queue_endpoint": null,
            "secondary_queue_host": null,
            "secondary_table_endpoint": null,
            "secondary_table_host": null,
            "secondary_web_endpoint": null,
            "secondary_web_host": null,
            "sftp_enabled": false,
            "share_properties": [
              {
                "cors_rule": [],
                "retention_policy": [
                  {
                    "days": 7
                  }
                ],
                "smb": []
              }
            ],
            "shared_access_key_enabled": true,
            "static_website": [],
            "table_encryption_key_type": "Service",
            "tags": {
              "env": "demo",
              "stack": "appl"
            },
            "timeouts": null
          },
          "sensitive_attributes": [],
          "private": "eyJlMmJmYjczMC1lY2FhLTExZTYtOGY4OC0zNDM2M2JjN2M0YzAiOnsiY3JlYXRlIjozNjAwMDAwMDAwMDAwLCJkZWxldGUiOjM2MDAwMDAwMDAwMDAsInJlYWQiOjMwMDAwMDAwMDAwMCwidXBkYXRlIjozNjAwMDAwMDAwMDAwfSwic2NoZW1hX3ZlcnNpb24iOiIzIn0=",
          "dependencies": [
            "module.application.module.logs.data.azurecaf_name.storage_account",
            "module.application.module.logs.module.storage_logs.data.azurecaf_name.sa",
            "module.rg.azurerm_resource_group.main_rg",
            "module.rg.data.azurecaf_name.rg"
          ]
        }
      ]
    },
    {
      "module": "module.application.module.logs.module.storage_logs.module.diagnostics",
      "mode": "data",
      "type": "azurecaf_name",
      "name": "diag",
      "provider": "provider[\"registry.terraform.io/aztfmod/azurecaf\"]",
      "instances": [
        {
          "schema_version": 0,
          "attributes": {
            "clean_input": true,
            "id": "amds-default",
            "name": "default",
            "passthrough": false,
            "prefixes": null,
            "random_length": 0,
            "random_seed": null,
            "resource_type": "azurerm_monitor_diagnostic_setting",
            "result": "amds-default",
            "separator": "-",
            "suffixes": null,
            "use_slug": true
          },
          "sensitive_attributes": []
        }
      ]
    },
    {
      "module": "module.application.module.logs.module.storage_logs.module.diagnostics_type[\"blob\"]",
      "mode": "data",
      "type": "azurecaf_name",
      "name": "diag",
      "provider": "provider[\"registry.terraform.io/aztfmod/azurecaf\"]",
      "instances": [
        {
          "schema_version": 0,
          "attributes": {
            "clean_input": true,
            "id": "amds-default",
            "name": "default",
            "passthrough": false,
            "prefixes": null,
            "random_length": 0,
            "random_seed": null,
            "resource_type": "azurerm_monitor_diagnostic_setting",
            "result": "amds-default",
            "separator": "-",
            "suffixes": null,
            "use_slug": true
          },
          "sensitive_attributes": []
        }
      ]
    },
    {
      "module": "module.application.module.logs.module.storage_logs.module.diagnostics_type[\"file\"]",
      "mode": "data",
      "type": "azurecaf_name",
      "name": "diag",
      "provider": "provider[\"registry.terraform.io/aztfmod/azurecaf\"]",
      "instances": [
        {
          "schema_version": 0,
          "attributes": {
            "clean_input": true,
            "id": "amds-default",
            "name": "default",
            "passthrough": false,
            "prefixes": null,
            "random_length": 0,
            "random_seed": null,
            "resource_type": "azurerm_monitor_diagnostic_setting",
            "result": "amds-default",
            "separator": "-",
            "suffixes": null,
            "use_slug": true
          },
          "sensitive_attributes": []
        }
      ]
    },
    {
      "module": "module.application.module.logs.module.storage_logs.module.diagnostics_type[\"queue\"]",
      "mode": "data",
      "type": "azurecaf_name",
      "name": "diag",
      "provider": "provider[\"registry.terraform.io/aztfmod/azurecaf\"]",
      "instances": [
        {
          "schema_version": 0,
          "attributes": {
            "clean_input": true,
            "id": "amds-default",
            "name": "default",
            "passthrough": false,
            "prefixes": null,
            "random_length": 0,
            "random_seed": null,
            "resource_type": "azurerm_monitor_diagnostic_setting",
            "result": "amds-default",
            "separator": "-",
            "suffixes": null,
            "use_slug": true
          },
          "sensitive_attributes": []
        }
      ]
    },
    {
      "module": "module.application.module.logs.module.storage_logs.module.diagnostics_type[\"table\"]",
      "mode": "data",
      "type": "azurecaf_name",
      "name": "diag",
      "provider": "provider[\"registry.terraform.io/aztfmod/azurecaf\"]",
      "instances": [
        {
          "schema_version": 0,
          "attributes": {
            "clean_input": true,
            "id": "amds-default",
            "name": "default",
            "passthrough": false,
            "prefixes": null,
            "random_length": 0,
            "random_seed": null,
            "resource_type": "azurerm_monitor_diagnostic_setting",
            "result": "amds-default",
            "separator": "-",
            "suffixes": null,
            "use_slug": true
          },
          "sensitive_attributes": []
        }
      ]
    },
    {
      "module": "module.application.module.naming",
      "mode": "managed",
      "type": "random_string",
      "name": "first_letter",
      "provider": "provider[\"registry.terraform.io/hashicorp/random\"]",
      "instances": [
        {
          "schema_version": 2,
          "attributes": {
            "id": "a",
            "keepers": null,
            "length": 1,
            "lower": true,
            "min_lower": 0,
            "min_numeric": 0,
            "min_special": 0,
            "min_upper": 0,
            "number": false,
            "numeric": false,
            "override_special": null,
            "result": "a",
            "special": false,
            "upper": false
          },
          "sensitive_attributes": []
        }
      ]
    },
    {
      "module": "module.application.module.naming",
      "mode": "managed",
      "type": "random_string",
      "name": "main",
      "provider": "provider[\"registry.terraform.io/hashicorp/random\"]",
      "instances": [
        {
          "schema_version": 2,
          "attributes": {
            "id": "m2abpyovae13n8kknsoknk8yfkdix9k0eiohuu76daxqvwa4bcfjifx0k18k",
            "keepers": null,
            "length": 60,
            "lower": true,
            "min_lower": 0,
            "min_numeric": 0,
            "min_special": 0,
            "min_upper": 0,
            "number": true,
            "numeric": true,
            "override_special": null,
            "result": "m2abpyovae13n8kknsoknk8yfkdix9k0eiohuu76daxqvwa4bcfjifx0k18k",
            "special": false,
            "upper": false
          },
          "sensitive_attributes": []
        }
      ]
    },
    {
      "module": "module.application.module.postgresql",
      "mode": "data",
      "type": "azurecaf_name",
      "name": "postgresql",
      "provider": "provider[\"registry.terraform.io/aztfmod/azurecaf\"]",
      "instances": [
        {
          "schema_version": 0,
          "attributes": {
            "clean_input": true,
            "id": "psql-appl-w-frc-demo",
            "name": "appl",
            "passthrough": false,
            "prefixes": null,
            "random_length": 0,
            "random_seed": null,
            "resource_type": "azurerm_postgresql_server",
            "result": "psql-appl-w-frc-demo",
            "separator": "-",
            "suffixes": [
              "w",
              "frc",
              "demo"
            ],
            "use_slug": true
          },
          "sensitive_attributes": []
        }
      ]
    },
    {
      "module": "module.application.module.postgresql",
      "mode": "data",
      "type": "azurecaf_name",
      "name": "postgresql_dbs",
      "provider": "provider[\"registry.terraform.io/aztfmod/azurecaf\"]",
      "instances": [
        {
          "index_key": "maindb",
          "schema_version": 0,
          "attributes": {
            "clean_input": true,
            "id": "psqldb-appl-w-frc-demo-maindb",
            "name": "appl",
            "passthrough": false,
            "prefixes": null,
            "random_length": 0,
            "random_seed": null,
            "resource_type": "azurerm_postgresql_database",
            "result": "psqldb-appl-w-frc-demo-maindb",
            "separator": "-",
            "suffixes": [
              "w",
              "frc",
              "demo",
              "maindb"
            ],
            "use_slug": true
          },
          "sensitive_attributes": []
        }
      ]
    },
    {
      "module": "module.application.module.postgresql",
      "mode": "managed",
      "type": "azurerm_postgresql_configuration",
      "name": "postgresql_config",
      "provider": "provider[\"registry.terraform.io/hashicorp/azurerm\"]",
      "instances": [
        {
          "index_key": "connection_throttling",
          "schema_version": 0,
          "attributes": {
            "id": "/subscriptions/5f3a474b-cfbc-4d9a-a0d5-2eb4619973d2/resourceGroups/rg-cp-w-demo/providers/Microsoft.DBforPostgreSQL/servers/psql-appl-w-frc-demo/configurations/connection_throttling",
            "name": "connection_throttling",
            "resource_group_name": "rg-cp-w-demo",
            "server_name": "psql-appl-w-frc-demo",
            "timeouts": null,
            "value": "on"
          },
          "sensitive_attributes": [],
          "private": "eyJlMmJmYjczMC1lY2FhLTExZTYtOGY4OC0zNDM2M2JjN2M0YzAiOnsiY3JlYXRlIjoxODAwMDAwMDAwMDAwLCJkZWxldGUiOjE4MDAwMDAwMDAwMDAsInJlYWQiOjMwMDAwMDAwMDAwMCwidXBkYXRlIjoxODAwMDAwMDAwMDAwfX0=",
          "dependencies": [
            "module.application.module.postgresql.azurerm_postgresql_server.postgresql_server",
            "module.application.module.postgresql.data.azurecaf_name.postgresql",
            "module.rg.azurerm_resource_group.main_rg",
            "module.rg.data.azurecaf_name.rg"
          ]
        },
        {
          "index_key": "log_checkpoints",
          "schema_version": 0,
          "attributes": {
            "id": "/subscriptions/5f3a474b-cfbc-4d9a-a0d5-2eb4619973d2/resourceGroups/rg-cp-w-demo/providers/Microsoft.DBforPostgreSQL/servers/psql-appl-w-frc-demo/configurations/log_checkpoints",
            "name": "log_checkpoints",
            "resource_group_name": "rg-cp-w-demo",
            "server_name": "psql-appl-w-frc-demo",
            "timeouts": null,
            "value": "on"
          },
          "sensitive_attributes": [],
          "private": "eyJlMmJmYjczMC1lY2FhLTExZTYtOGY4OC0zNDM2M2JjN2M0YzAiOnsiY3JlYXRlIjoxODAwMDAwMDAwMDAwLCJkZWxldGUiOjE4MDAwMDAwMDAwMDAsInJlYWQiOjMwMDAwMDAwMDAwMCwidXBkYXRlIjoxODAwMDAwMDAwMDAwfX0=",
          "dependencies": [
            "module.application.module.postgresql.azurerm_postgresql_server.postgresql_server",
            "module.application.module.postgresql.data.azurecaf_name.postgresql",
            "module.rg.azurerm_resource_group.main_rg",
            "module.rg.data.azurecaf_name.rg"
          ]
        },
        {
          "index_key": "log_connections",
          "schema_version": 0,
          "attributes": {
            "id": "/subscriptions/5f3a474b-cfbc-4d9a-a0d5-2eb4619973d2/resourceGroups/rg-cp-w-demo/providers/Microsoft.DBforPostgreSQL/servers/psql-appl-w-frc-demo/configurations/log_connections",
            "name": "log_connections",
            "resource_group_name": "rg-cp-w-demo",
            "server_name": "psql-appl-w-frc-demo",
            "timeouts": null,
            "value": "on"
          },
          "sensitive_attributes": [],
          "private": "eyJlMmJmYjczMC1lY2FhLTExZTYtOGY4OC0zNDM2M2JjN2M0YzAiOnsiY3JlYXRlIjoxODAwMDAwMDAwMDAwLCJkZWxldGUiOjE4MDAwMDAwMDAwMDAsInJlYWQiOjMwMDAwMDAwMDAwMCwidXBkYXRlIjoxODAwMDAwMDAwMDAwfX0=",
          "dependencies": [
            "module.application.module.postgresql.azurerm_postgresql_server.postgresql_server",
            "module.application.module.postgresql.data.azurecaf_name.postgresql",
            "module.rg.azurerm_resource_group.main_rg",
            "module.rg.data.azurecaf_name.rg"
          ]
        }
      ]
    },
    {
      "module": "module.application.module.postgresql",
      "mode": "managed",
      "type": "azurerm_postgresql_database",
      "name": "postgresql_db",
      "provider": "provider[\"registry.terraform.io/hashicorp/azurerm\"]",
      "instances": [
        {
          "index_key": "maindb",
          "schema_version": 1,
          "attributes": {
            "charset": "UTF8",
            "collation": "en-US",
            "id": "/subscriptions/5f3a474b-cfbc-4d9a-a0d5-2eb4619973d2/resourceGroups/rg-cp-w-demo/providers/Microsoft.DBforPostgreSQL/servers/psql-appl-w-frc-demo/databases/maindb",
            "name": "maindb",
            "resource_group_name": "rg-cp-w-demo",
            "server_name": "psql-appl-w-frc-demo",
            "timeouts": null
          },
          "sensitive_attributes": [],
          "private": "eyJlMmJmYjczMC1lY2FhLTExZTYtOGY4OC0zNDM2M2JjN2M0YzAiOnsiY3JlYXRlIjozNjAwMDAwMDAwMDAwLCJkZWxldGUiOjM2MDAwMDAwMDAwMDAsInJlYWQiOjMwMDAwMDAwMDAwMCwidXBkYXRlIjozNjAwMDAwMDAwMDAwfSwic2NoZW1hX3ZlcnNpb24iOiIxIn0=",
          "dependencies": [
            "module.application.module.postgresql.azurerm_postgresql_server.postgresql_server",
            "module.application.module.postgresql.data.azurecaf_name.postgresql",
            "module.application.module.postgresql.data.azurecaf_name.postgresql_dbs",
            "module.rg.azurerm_resource_group.main_rg",
            "module.rg.data.azurecaf_name.rg"
          ]
        }
      ]
    },
    {
      "module": "module.application.module.postgresql",
      "mode": "managed",
      "type": "azurerm_postgresql_firewall_rule",
      "name": "firewall_rules",
      "provider": "provider[\"registry.terraform.io/hashicorp/azurerm\"]",
      "instances": [
        {
          "index_key": "1",
          "schema_version": 0,
          "attributes": {
            "end_ip_address": "10.0.0.255",
            "id": "/subscriptions/5f3a474b-cfbc-4d9a-a0d5-2eb4619973d2/resourceGroups/rg-cp-w-demo/providers/Microsoft.DBforPostgreSQL/servers/psql-appl-w-frc-demo/firewallRules/1",
            "name": "1",
            "resource_group_name": "rg-cp-w-demo",
            "server_name": "psql-appl-w-frc-demo",
            "start_ip_address": "10.0.0.0",
            "timeouts": null
          },
          "sensitive_attributes": [],
          "private": "eyJlMmJmYjczMC1lY2FhLTExZTYtOGY4OC0zNDM2M2JjN2M0YzAiOnsiY3JlYXRlIjoxODAwMDAwMDAwMDAwLCJkZWxldGUiOjE4MDAwMDAwMDAwMDAsInJlYWQiOjMwMDAwMDAwMDAwMCwidXBkYXRlIjoxODAwMDAwMDAwMDAwfX0=",
          "dependencies": [
            "module.application.module.postgresql.azurerm_postgresql_server.postgresql_server",
            "module.application.module.postgresql.data.azurecaf_name.postgresql",
            "module.rg.azurerm_resource_group.main_rg",
            "module.rg.data.azurecaf_name.rg"
          ]
        }
      ]
    },
    {
      "module": "module.application.module.postgresql",
      "mode": "managed",
      "type": "azurerm_postgresql_server",
      "name": "postgresql_server",
      "provider": "provider[\"registry.terraform.io/hashicorp/azurerm\"]",
      "instances": [
        {
          "schema_version": 1,
          "attributes": {
            "administrator_login": "admininsat",
            "administrator_login_password": "notsecurepassword123@123",
            "auto_grow_enabled": false,
            "backup_retention_days": 10,
            "create_mode": "Default",
            "creation_source_server_id": null,
            "fqdn": "psql-appl-w-frc-demo.postgres.database.azure.com",
            "geo_redundant_backup_enabled": false,
            "id": "/subscriptions/5f3a474b-cfbc-4d9a-a0d5-2eb4619973d2/resourceGroups/rg-cp-w-demo/providers/Microsoft.DBforPostgreSQL/servers/psql-appl-w-frc-demo",
            "identity": [],
            "infrastructure_encryption_enabled": false,
            "location": "francecentral",
            "name": "psql-appl-w-frc-demo",
            "public_network_access_enabled": true,
            "resource_group_name": "rg-cp-w-demo",
            "restore_point_in_time": null,
            "sku_name": "GP_Gen5_2",
            "ssl_enforcement_enabled": true,
            "ssl_minimal_tls_version_enforced": "TLS1_2",
            "storage_mb": 5120,
            "tags": {
              "env": "demo",
              "stack": "appl"
            },
            "threat_detection_policy": [],
            "timeouts": null,
            "version": "11"
          },
          "sensitive_attributes": [],
          "private": "eyJlMmJmYjczMC1lY2FhLTExZTYtOGY4OC0zNDM2M2JjN2M0YzAiOnsiY3JlYXRlIjozNjAwMDAwMDAwMDAwLCJkZWxldGUiOjM2MDAwMDAwMDAwMDAsInJlYWQiOjMwMDAwMDAwMDAwMCwidXBkYXRlIjozNjAwMDAwMDAwMDAwfSwic2NoZW1hX3ZlcnNpb24iOiIxIn0=",
          "dependencies": [
            "module.application.module.postgresql.data.azurecaf_name.postgresql",
            "module.rg.azurerm_resource_group.main_rg",
            "module.rg.data.azurecaf_name.rg"
          ]
        }
      ]
    },
    {
      "module": "module.application.module.postgresql.module.diagnostics",
      "mode": "data",
      "type": "azurecaf_name",
      "name": "diag",
      "provider": "provider[\"registry.terraform.io/aztfmod/azurecaf\"]",
      "instances": [
        {
          "schema_version": 0,
          "attributes": {
            "clean_input": true,
            "id": "amds-default",
            "name": "default",
            "passthrough": false,
            "prefixes": null,
            "random_length": 0,
            "random_seed": null,
            "resource_type": "azurerm_monitor_diagnostic_setting",
            "result": "amds-default",
            "separator": "-",
            "suffixes": null,
            "use_slug": true
          },
          "sensitive_attributes": []
        }
      ]
    },
    {
      "module": "module.application.module.postgresql.module.diagnostics",
      "mode": "data",
      "type": "azurerm_monitor_diagnostic_categories",
      "name": "main",
      "provider": "provider[\"registry.terraform.io/hashicorp/azurerm\"]",
      "instances": [
        {
          "index_key": 0,
          "schema_version": 0,
          "attributes": {
            "id": "/subscriptions/5f3a474b-cfbc-4d9a-a0d5-2eb4619973d2/resourceGroups/rg-cp-w-demo/providers/Microsoft.DBforPostgreSQL/servers/psql-appl-w-frc-demo",
            "log_category_groups": [
              "allLogs"
            ],
            "log_category_types": [
              "PostgreSQLLogs",
              "QueryStoreRuntimeStatistics",
              "QueryStoreWaitStatistics"
            ],
            "logs": [
              "PostgreSQLLogs",
              "QueryStoreRuntimeStatistics",
              "QueryStoreWaitStatistics"
            ],
            "metrics": [
              "AllMetrics"
            ],
            "resource_id": "/subscriptions/5f3a474b-cfbc-4d9a-a0d5-2eb4619973d2/resourceGroups/rg-cp-w-demo/providers/Microsoft.DBforPostgreSQL/servers/psql-appl-w-frc-demo",
            "timeouts": null
          },
          "sensitive_attributes": []
        }
      ]
    },
    {
      "module": "module.application.module.postgresql.module.diagnostics",
      "mode": "managed",
      "type": "azurerm_monitor_diagnostic_setting",
      "name": "main",
      "provider": "provider[\"registry.terraform.io/hashicorp/azurerm\"]",
      "instances": [
        {
          "index_key": 0,
          "schema_version": 0,
          "attributes": {
            "eventhub_authorization_rule_id": "",
            "eventhub_name": "",
            "id": "/subscriptions/5f3a474b-cfbc-4d9a-a0d5-2eb4619973d2/resourceGroups/rg-cp-w-demo/providers/Microsoft.DBforPostgreSQL/servers/psql-appl-w-frc-demo|default",
            "log": [
              {
                "category": "PostgreSQLLogs",
                "category_group": "",
                "enabled": true,
                "retention_policy": [
                  {
                    "days": 30,
                    "enabled": true
                  }
                ]
              },
              {
                "category": "QueryStoreRuntimeStatistics",
                "category_group": "",
                "enabled": true,
                "retention_policy": [
                  {
                    "days": 30,
                    "enabled": true
                  }
                ]
              },
              {
                "category": "QueryStoreWaitStatistics",
                "category_group": "",
                "enabled": true,
                "retention_policy": [
                  {
                    "days": 30,
                    "enabled": true
                  }
                ]
              }
            ],
            "log_analytics_destination_type": "",
            "log_analytics_workspace_id": "/subscriptions/5f3a474b-cfbc-4d9a-a0d5-2eb4619973d2/resourceGroups/rg-cp-w-demo/providers/Microsoft.OperationalInsights/workspaces/log-appl-w-frc-demo",
            "metric": [
              {
                "category": "AllMetrics",
                "enabled": true,
                "retention_policy": [
                  {
                    "days": 30,
                    "enabled": true
                  }
                ]
              }
            ],
            "name": "default",
            "partner_solution_id": null,
            "storage_account_id": "/subscriptions/5f3a474b-cfbc-4d9a-a0d5-2eb4619973d2/resourceGroups/rg-cp-w-demo/providers/Microsoft.Storage/storageAccounts/stapplfrcdemolog",
            "target_resource_id": "/subscriptions/5f3a474b-cfbc-4d9a-a0d5-2eb4619973d2/resourceGroups/rg-cp-w-demo/providers/Microsoft.DBforPostgreSQL/servers/psql-appl-w-frc-demo",
            "timeouts": null
          },
          "sensitive_attributes": [],
          "private": "eyJlMmJmYjczMC1lY2FhLTExZTYtOGY4OC0zNDM2M2JjN2M0YzAiOnsiY3JlYXRlIjoxODAwMDAwMDAwMDAwLCJkZWxldGUiOjM2MDAwMDAwMDAwMDAsInJlYWQiOjMwMDAwMDAwMDAwMCwidXBkYXRlIjoxODAwMDAwMDAwMDAwfX0=",
          "dependencies": [
            "module.application.module.logs.azurerm_log_analytics_workspace.log_workspace",
            "module.application.module.logs.data.azurecaf_name.log_analytics_workspace",
            "module.application.module.logs.data.azurecaf_name.storage_account",
            "module.application.module.logs.module.storage_logs.azurerm_storage_account.storage",
            "module.application.module.logs.module.storage_logs.data.azurecaf_name.sa",
            "module.application.module.postgresql.azurerm_postgresql_server.postgresql_server",
            "module.application.module.postgresql.data.azurecaf_name.postgresql",
            "module.application.module.postgresql.module.diagnostics.data.azurecaf_name.diag",
            "module.application.module.postgresql.module.diagnostics.data.azurerm_monitor_diagnostic_categories.main",
            "module.rg.azurerm_resource_group.main_rg",
            "module.rg.data.azurecaf_name.rg"
          ]
        }
      ]
    },
    {
      "module": "module.naming",
      "mode": "managed",
      "type": "random_string",
      "name": "first_letter",
      "provider": "provider[\"registry.terraform.io/hashicorp/random\"]",
      "instances": [
        {
          "schema_version": 2,
          "attributes": {
            "id": "s",
            "keepers": null,
            "length": 1,
            "lower": true,
            "min_lower": 0,
            "min_numeric": 0,
            "min_special": 0,
            "min_upper": 0,
            "number": false,
            "numeric": false,
            "override_special": null,
            "result": "s",
            "special": false,
            "upper": false
          },
          "sensitive_attributes": []
        }
      ]
    },
    {
      "module": "module.naming",
      "mode": "managed",
      "type": "random_string",
      "name": "main",
      "provider": "provider[\"registry.terraform.io/hashicorp/random\"]",
      "instances": [
        {
          "schema_version": 2,
          "attributes": {
            "id": "kxofbhhl5p63vmi5qyejwc06uy2u0ab8ekaekqcunxjq3byjne2xcyxtyelx",
            "keepers": null,
            "length": 60,
            "lower": true,
            "min_lower": 0,
            "min_numeric": 0,
            "min_special": 0,
            "min_upper": 0,
            "number": true,
            "numeric": true,
            "override_special": null,
            "result": "kxofbhhl5p63vmi5qyejwc06uy2u0ab8ekaekqcunxjq3byjne2xcyxtyelx",
            "special": false,
            "upper": false
          },
          "sensitive_attributes": []
        }
      ]
    },
    {
      "module": "module.policy",
      "mode": "managed",
      "type": "azurerm_policy_definition",
      "name": "definition",
      "provider": "provider[\"registry.terraform.io/hashicorp/azurerm\"]",
      "instances": [
        {
          "schema_version": 0,
          "attributes": {
            "description": "",
            "display_name": "Allowed sku types custom",
            "id": "/subscriptions/5f3a474b-cfbc-4d9a-a0d5-2eb4619973d2/providers/Microsoft.Authorization/policyDefinitions/allowed-skus-custom",
            "management_group_id": "",
            "metadata": "{\"createdBy\":\"f049cc43-efb7-482a-ac17-970609a1d0ca\",\"createdOn\":\"2022-12-13T21:50:12.9281208Z\",\"updatedBy\":null,\"updatedOn\":null}",
            "mode": "All",
            "name": "allowed-skus-custom",
            "parameters": "",
            "policy_rule": "{\"if\":{\"allOf\":[{\"equals\":\"Microsoft.Compute/virtualMachines\",\"field\":\"type\"},{\"not\":{\"field\":\"Microsoft.Compute/virtualMachines/sku.name\",\"in\":[\"Standard_B2s\",\"Standard_B2ms\"]}}]},\"then\":{\"effect\":\"Deny\"}}",
            "policy_type": "Custom",
            "role_definition_ids": [],
            "timeouts": null
          },
          "sensitive_attributes": [],
          "private": "eyJlMmJmYjczMC1lY2FhLTExZTYtOGY4OC0zNDM2M2JjN2M0YzAiOnsiY3JlYXRlIjoxODAwMDAwMDAwMDAwLCJkZWxldGUiOjE4MDAwMDAwMDAwMDAsInJlYWQiOjMwMDAwMDAwMDAwMCwidXBkYXRlIjoxODAwMDAwMDAwMDAwfX0="
        }
      ]
    },
    {
      "module": "module.policy",
      "mode": "managed",
      "type": "azurerm_subscription_policy_assignment",
      "name": "assignment",
      "provider": "provider[\"registry.terraform.io/hashicorp/azurerm\"]",
      "instances": [
        {
          "schema_version": 0,
          "attributes": {
            "description": "",
            "display_name": "",
            "enforce": true,
            "id": "/subscriptions/5f3a474b-cfbc-4d9a-a0d5-2eb4619973d2/providers/Microsoft.Authorization/policyAssignments/allowed-sku-assignment",
            "identity": [],
            "location": "",
            "metadata": "{\"createdBy\":\"f049cc43-efb7-482a-ac17-970609a1d0ca\",\"createdOn\":\"2022-12-13T21:51:57.7677553Z\",\"updatedBy\":null,\"updatedOn\":null}",
            "name": "allowed-sku-assignment",
            "non_compliance_message": [],
            "not_scopes": [],
            "parameters": "",
            "policy_definition_id": "/subscriptions/5f3a474b-cfbc-4d9a-a0d5-2eb4619973d2/providers/Microsoft.Authorization/policyDefinitions/allowed-skus-custom",
            "subscription_id": "/subscriptions/5f3a474b-cfbc-4d9a-a0d5-2eb4619973d2",
            "timeouts": null
          },
          "sensitive_attributes": [],
          "private": "eyJlMmJmYjczMC1lY2FhLTExZTYtOGY4OC0zNDM2M2JjN2M0YzAiOnsiY3JlYXRlIjoxODAwMDAwMDAwMDAwLCJkZWxldGUiOjE4MDAwMDAwMDAwMDAsInJlYWQiOjMwMDAwMDAwMDAwMCwidXBkYXRlIjoxODAwMDAwMDAwMDAwfX0=",
          "dependencies": [
            "data.azurerm_subscription.current",
            "module.policy.azurerm_policy_definition.definition"
          ]
        }
      ]
    },
    {
      "module": "module.rg",
      "mode": "data",
      "type": "azurecaf_name",
      "name": "rg",
      "provider": "provider[\"registry.terraform.io/aztfmod/azurecaf\"]",
      "instances": [
        {
          "schema_version": 0,
          "attributes": {
            "clean_input": true,
            "id": "rg-cp-w-demo",
            "name": "cp",
            "passthrough": false,
            "prefixes": null,
            "random_length": 0,
            "random_seed": null,
            "resource_type": "azurerm_resource_group",
            "result": "rg-cp-w-demo",
            "separator": "-",
            "suffixes": [
              "w",
              "demo"
            ],
            "use_slug": true
          },
          "sensitive_attributes": []
        }
      ]
    },
    {
      "module": "module.rg",
      "mode": "managed",
      "type": "azurerm_resource_group",
      "name": "main_rg",
      "provider": "provider[\"registry.terraform.io/hashicorp/azurerm\"]",
      "instances": [
        {
          "schema_version": 0,
          "attributes": {
            "id": "/subscriptions/5f3a474b-cfbc-4d9a-a0d5-2eb4619973d2/resourceGroups/rg-cp-w-demo",
            "location": "francecentral",
            "name": "rg-cp-w-demo",
            "tags": {
              "env": "demo",
              "stack": "cp"
            },
            "timeouts": null
          },
          "sensitive_attributes": [],
          "private": "eyJlMmJmYjczMC1lY2FhLTExZTYtOGY4OC0zNDM2M2JjN2M0YzAiOnsiY3JlYXRlIjo1NDAwMDAwMDAwMDAwLCJkZWxldGUiOjU0MDAwMDAwMDAwMDAsInJlYWQiOjMwMDAwMDAwMDAwMCwidXBkYXRlIjo1NDAwMDAwMDAwMDAwfX0=",
          "dependencies": [
            "module.rg.data.azurecaf_name.rg"
          ]
        }
      ]
    }
  ],
  "check_results": [
    {
      "object_kind": "resource",
      "config_addr": "module.application.module.logs.module.storage_logs.azurerm_storage_share.share",
      "status": "pass",
      "objects": null
    }
  ]
}
